github.com/AudriusButkevicius/recli v0.0.6 h1:hY9KH09vIbx0fYpkvdWbvnh67uDiuJEVDGhXlefysDQ=
github.com/AudriusButkevicius/recli v0.0.6/go.mod h1:Nhfib1j/VFnLrXL9cHgA+/n2O6P5THuWelOnbfPNd78=
github.com/Azure/go-ntlmssp v0.0.0-20200615164410-66371956d46c h1:/IBSNwUN8+eKzUzbJPqhK839ygXJ82sde8x3ogr6R28=
github.com/Azure/go-ntlmssp v0.0.0-20200615164410-66371956d46c/go.mod h1:chxPXzSsl7ZWRAuOIE23GDNzjWuZquvFlgA8xmpunjU=
github.com/BurntSushi/toml v0.3.1/go.mod h1:xHWCNGjB5oqiDr8zfno3MHue2Ht5sIBksp03qcyfWMU=
github.com/alecthomas/assert/v2 v2.1.0 h1:tbredtNcQnoSd3QBhQWI7QZ3XHOVkw1Moklp2ojoH/0=
github.com/alecthomas/assert/v2 v2.1.0/go.mod h1:b/+1DI2Q6NckYi+3mXyH3wFb8qG37K/DuK80n7WefXA=
github.com/alecthomas/kong v0.8.1 h1:acZdn3m4lLRobeh3Zi2S2EpnXTd1mOL6U7xVml+vfkY=
github.com/alecthomas/kong v0.8.1/go.mod h1:n1iCIO2xS46oE8ZfYCNDqdR0b0wZNrXAIAqro/2132U=
github.com/alecthomas/repr v0.1.0 h1:ENn2e1+J3k09gyj2shc0dHr/yjaWSHRlrJ4DPMevDqE=
github.com/alecthomas/repr v0.1.0/go.mod h1:2kn6fqh/zIyPLmm3ugklbEi5hg5wS435eygvNfaDQL8=
github.com/beorn7/perks v1.0.1 h1:VlbKKnNfV8bJzeqoa4cOKqO6bYr3WgKZxO8Z16+hsOM=
github.com/beorn7/perks v1.0.1/go.mod h1:G2ZrVWU2WbWT9wwq4/hrbKbnv/1ERSJQ0ibhJ6rlkpw=
github.com/calmh/glob v0.0.0-20220615080505-1d823af5017b h1:Fjm4GuJ+TGMgqfGHN42IQArJb77CfD/mAwLbDUoJe6g=
github.com/calmh/glob v0.0.0-20220615080505-1d823af5017b/go.mod h1:91K7jfEsgJSyfSrX+gmrRfZMtntx6JsHolWubGXDopg=
github.com/calmh/incontainer v1.0.0 h1:g2cTUtZuFGmMGX8GoykPkN1Judj2uw8/3/aEtq4Z/rg=
github.com/calmh/incontainer v1.0.0/go.mod h1:eOhqnw15c9X+4RNBe0W3HlUZFfX16O0EDsCOInTndHY=
github.com/calmh/xdr v1.1.0 h1:U/Dd4CXNLoo8EiQ4ulJUXkgO1/EyQLgDKLgpY1SOoJE=
github.com/calmh/xdr v1.1.0/go.mod h1:E8sz2ByAdXC8MbANf1LCRYzedSnnc+/sXXJs/PVqoeg=
github.com/ccding/go-stun v0.1.3 h1:uEAFsxqPBuo4tvILfloEHUBO3b4BlEAMnx2PZdh54jE=
github.com/ccding/go-stun v0.1.3/go.mod h1:cCZjJ1J3WFSJV6Wj8Y9Di8JMTsEXh6uv2eNmLzKaUeM=
github.com/cenkalti/backoff/v4 v4.2.1 h1:y4OZtCnogmCPw98Zjyt5a6+QwPLGkiQsYW5oUqylYbM=
github.com/cenkalti/backoff/v4 v4.2.1/go.mod h1:Y3VNntkOUPxTVeUxJ/G5vcM//AlwfmyYozVcomhLiZE=
github.com/certifi/gocertifi v0.0.0-20210507211836-431795d63e8d h1:S2NE3iHSwP0XV47EEXL8mWmRdEfGscSJ+7EgePNgt0s=
github.com/certifi/gocertifi v0.0.0-20210507211836-431795d63e8d/go.mod h1:sGbDF6GwGcLpkNXPUTkMRoywsNa/ol15pxFe6ERfguA=
github.com/cespare/xxhash/v2 v2.2.0 h1:DC2CZ1Ep5Y4k3ZQ899DldepgrayRUGE6BBZ/cd9Cj44=
github.com/cespare/xxhash/v2 v2.2.0/go.mod h1:VGX0DQ3Q6kWi7AoAeZDth3/j3BFtOZR5XLFGgcrjCOs=
github.com/chmduquesne/rollinghash v0.0.0-20180912150627-a60f8e7142b5 h1:Wg96Dh0MLTanEaPO0OkGtUIaa2jOnShAIOVUIzRHUxo=
github.com/chmduquesne/rollinghash v0.0.0-20180912150627-a60f8e7142b5/go.mod h1:Uc2I36RRfTAf7Dge82bi3RU0OQUmXT9iweIcPqvr8A0=
github.com/chzyer/logex v1.1.10/go.mod h1:+Ywpsq7O8HXn0nuIou7OrIPyXbp3wmkHB+jjWRnGsAI=
github.com/chzyer/readline v0.0.0-20180603132655-2972be24d48e/go.mod h1:nSuG5e5PlCu98SY8svDHJxuZscDgtXS6KTTbou5AhLI=
github.com/chzyer/test v0.0.0-20180213035817-a1ea475d72b1/go.mod h1:Q3SI9o4m/ZMnBNeIyt5eFwwo7qiLfzFZmjNmxjkiQlU=
github.com/cpuguy83/go-md2man/v2 v2.0.0-20190314233015-f79a8a8ca69d/go.mod h1:maD7wRr/U5Z6m/iR4s+kqSMx2CaBsrgA7czyZG/E6dU=
github.com/cpuguy83/go-md2man/v2 v2.0.1 h1:r/myEWzV9lfsM1tFLgDyu0atFtJ1fXn261LKYj/3DxU=
github.com/cpuguy83/go-md2man/v2 v2.0.1/go.mod h1:tgQtvFlXSQOSOSIRvRPT7W67SCa46tRHOmNcaadrF8o=
github.com/d4l3k/messagediff v1.2.1 h1:ZcAIMYsUg0EAp9X+tt8/enBE/Q8Yd5kzPynLyKptt9U=
github.com/d4l3k/messagediff v1.2.1/go.mod h1:Oozbb1TVXFac9FtSIxHBMnBCq2qeH/2KkEQxENCrlLo=
github.com/davecgh/go-spew v1.1.0/go.mod h1:J7Y8YcW2NihsgmVo/mv3lAwl/skON4iLHjSsI+c5H38=
github.com/davecgh/go-spew v1.1.1 h1:vj9j/u1bqnvCEfJOwUhtlOARqs3+rkHYY13jYWTU97c=
github.com/davecgh/go-spew v1.1.1/go.mod h1:J7Y8YcW2NihsgmVo/mv3lAwl/skON4iLHjSsI+c5H38=
github.com/flynn-archive/go-shlex v0.0.0-20150515145356-3f9db97f8568 h1:BMXYYRWTLOJKlh+lOBt6nUQgXAfB7oVIQt5cNreqSLI=
github.com/flynn-archive/go-shlex v0.0.0-20150515145356-3f9db97f8568/go.mod h1:rZfgFAXFS/z/lEd6LJmf9HVZ1LkgYiHx5pHhV5DR16M=
github.com/fsnotify/fsnotify v1.4.7/go.mod h1:jwhsz4b93w/PPRr/qN1Yymfu8t87LnFCMoQvtojpjFo=
github.com/fsnotify/fsnotify v1.4.9/go.mod h1:znqG4EE+3YCdAaPaxE2ZRY/06pZUdp0tY4IgpuI1SZQ=
github.com/fsnotify/fsnotify v1.5.1 h1:mZcQUHVQUQWoPXXtuf9yuEXKudkV2sx1E06UadKWpgI=
github.com/fsnotify/fsnotify v1.5.1/go.mod h1:T3375wBYaZdLLcVNkcVbzGHY7f1l/uK5T5Ai1i3InKU=
github.com/fxamacker/cbor/v2 v2.6.0 h1:sU6J2usfADwWlYDAFhZBQ6TnLFBHxgesMrQfQgk1tWA=
github.com/fxamacker/cbor/v2 v2.6.0/go.mod h1:pxXPTn3joSm21Gbwsv0w9OSA2y1HFR9qXEeXQVeNoDQ=
github.com/getsentry/raven-go v0.2.0 h1:no+xWJRb5ZI7eE8TWgIq1jLulQiIoLG0IfYxv5JYMGs=
github.com/getsentry/raven-go v0.2.0/go.mod h1:KungGk8q33+aIAZUIVWZDr2OfAEBsO49PX4NzFV5kcQ=
github.com/go-asn1-ber/asn1-ber v1.5.1/go.mod h1:hEBeB/ic+5LoWskz+yKT7vGhhPYkProFKoKdwZRWMe0=
github.com/go-asn1-ber/asn1-ber v1.5.3 h1:u7utq56RUFiynqUzgVMFDymapcOtQ/MZkh3H4QYkxag=
github.com/go-asn1-ber/asn1-ber v1.5.3/go.mod h1:hEBeB/ic+5LoWskz+yKT7vGhhPYkProFKoKdwZRWMe0=
github.com/go-ldap/ldap/v3 v3.4.1 h1:fU/0xli6HY02ocbMuozHAYsaHLcnkLjvho2r5a34BUU=
github.com/go-ldap/ldap/v3 v3.4.1/go.mod h1:iYS1MdmrmceOJ1QOTnRXrIs7i3kloqtmGQjRvjKpyMg=
github.com/go-logr/logr v1.2.4 h1:g01GSCwiDw2xSZfjJ2/T9M+S6pFdcNtFYsp+Y43HYDQ=
github.com/go-logr/logr v1.2.4/go.mod h1:jdQByPbusPIv2/zmleS9BjJVeZ6kBagPoEUsqbVz/1A=
github.com/go-ole/go-ole v1.2.6 h1:/Fpf6oFPoeFik9ty7siob0G6Ke8QvQEuVcuChpwXzpY=
github.com/go-ole/go-ole v1.2.6/go.mod h1:pprOEPIfldk/42T2oK7lQ4v4JSDwmV0As9GaiUsvbm0=
github.com/go-task/slim-sprig v0.0.0-20210107165309-348f09dbbbc0/go.mod h1:fyg7847qk6SyHyPtNmDHnmrv/HOrqktSC+C9fM+CJOE=
github.com/go-task/slim-sprig v0.0.0-20230315185526-52ccab3ef572 h1:tfuBGBXKqDEevZMzYi5KSi8KkcZtzBcTgAUUtapy0OI=
github.com/go-task/slim-sprig v0.0.0-20230315185526-52ccab3ef572/go.mod h1:9Pwr4B2jHnOSGXyyzV8ROjYa2ojvAY6HCGYYfMoC3Ls=
github.com/go-webauthn/webauthn v0.10.2 h1:OG7B+DyuTytrEPFmTX503K77fqs3HDK/0Iv+z8UYbq4=
github.com/go-webauthn/webauthn v0.10.2/go.mod h1:Gd1IDsGAybuvK1NkwUTLbGmeksxuRJjVN2PE/xsPxHs=
github.com/go-webauthn/x v0.1.9 h1:v1oeLmoaa+gPOaZqUdDentu6Rl7HkSSsmOT6gxEQHhE=
github.com/go-webauthn/x v0.1.9/go.mod h1:pJNMlIMP1SU7cN8HNlKJpLEnFHCygLCvaLZ8a1xeoQA=
github.com/gofrs/flock v0.8.1 h1:+gYjHKf32LDeiEEFhQaotPbLuUXjY5ZqxKgXy7n59aw=
github.com/gofrs/flock v0.8.1/go.mod h1:F1TvTiK9OcQqauNUHlbJvyl9Qa1QvF/gOUDKA14jxHU=
github.com/gogo/protobuf v1.3.2 h1:Ov1cvc58UF3b5XjBnZv7+opcTcQFZebYjWzi34vdm4Q=
github.com/gogo/protobuf v1.3.2/go.mod h1:P1XiOD3dCwIKUDQYPy72D8LYyHL2YPYrpS2s69NZV8Q=
github.com/golang-jwt/jwt/v5 v5.2.1 h1:OuVbFODueb089Lh128TAcimifWaLhJwVflnrgM17wHk=
github.com/golang-jwt/jwt/v5 v5.2.1/go.mod h1:pqrtFR0X4osieyHYxtmOUWsAWrfe1Q5UVIyoH402zdk=
github.com/golang/protobuf v1.2.0/go.mod h1:6lQm79b+lXiMfvg/cZm0SGofjICqVBUtrP5yJMmIC1U=
github.com/golang/protobuf v1.4.0-rc.1/go.mod h1:ceaxUfeHdC40wWswd/P6IGgMaK3YpKi5j83Wpe3EHw8=
github.com/golang/protobuf v1.4.0-rc.1.0.20200221234624-67d41d38c208/go.mod h1:xKAWHe0F5eneWXFV3EuXVDTCmh+JuBKY0li0aMyXATA=
github.com/golang/protobuf v1.4.0-rc.2/go.mod h1:LlEzMj4AhA7rCAGe4KMBDvJI+AwstrUpVNzEA03Pprs=
github.com/golang/protobuf v1.4.0-rc.4.0.20200313231945-b860323f09d0/go.mod h1:WU3c8KckQ9AFe+yFwt9sWVRKCVIyN9cPHBJSNnbL67w=
github.com/golang/protobuf v1.4.0/go.mod h1:jodUvKwWbYaEsadDk5Fwe5c77LiNKVO9IDvqG2KuDX0=
github.com/golang/protobuf v1.4.2/go.mod h1:oDoupMAO8OvCJWAcko0GGGIgR6R6ocIYbsSw735rRwI=
github.com/golang/protobuf v1.5.3 h1:KhyjKVUg7Usr/dYsdSqoFveMYd5ko72D+zANwlG1mmg=
github.com/golang/protobuf v1.5.3/go.mod h1:XVQd3VNwM+JqD3oG2Ue2ip4fOMUkwXdXDdiuN0vRsmY=
github.com/golang/snappy v0.0.1/go.mod h1:/XxbfmMg8lxefKM7IXC3fBNl/7bRcc72aCRzEWrmP2Q=
github.com/golang/snappy v0.0.4 h1:yAGX7huGHXlcLOEtBnF4w7FQwA26wojNCwOYAEhLjQM=
github.com/golang/snappy v0.0.4/go.mod h1:/XxbfmMg8lxefKM7IXC3fBNl/7bRcc72aCRzEWrmP2Q=
github.com/google/go-cmp v0.3.0/go.mod h1:8QqcDgzrUqlUb/G2PQTWiueGozuR1884gddMywk6iLU=
github.com/google/go-cmp v0.3.1/go.mod h1:8QqcDgzrUqlUb/G2PQTWiueGozuR1884gddMywk6iLU=
github.com/google/go-cmp v0.4.0/go.mod h1:v8dTdLbMG2kIc/vJvl+f65V22dbkXbowE6jgT/gNBxE=
github.com/google/go-cmp v0.5.1/go.mod h1:v8dTdLbMG2kIc/vJvl+f65V22dbkXbowE6jgT/gNBxE=
github.com/google/go-cmp v0.5.6/go.mod h1:v8dTdLbMG2kIc/vJvl+f65V22dbkXbowE6jgT/gNBxE=
github.com/google/go-cmp v0.6.0 h1:ofyhxvXcZhMsU5ulbFiLKl/XBFqE1GSq7atu8tAmTRI=
github.com/google/go-cmp v0.6.0/go.mod h1:17dUlkBOakJ0+DkrSSNjCkIjxS6bF9zb3elmeNGIjoY=
github.com/google/go-tpm v0.9.0 h1:sQF6YqWMi+SCXpsmS3fd21oPy/vSddwZry4JnmltHVk=
github.com/google/go-tpm v0.9.0/go.mod h1:FkNVkc6C+IsvDI9Jw1OveJmxGZUUaKxtrpOS47QWKfU=
github.com/google/pprof v0.0.0-20210407192527-94a9f03dee38 h1:yAJXTCF9TqKcTiHJAE8dj7HMvPfh66eeA2JYW7eFpSE=
github.com/google/pprof v0.0.0-20210407192527-94a9f03dee38/go.mod h1:kpwsk12EmLew5upagYY7GY0pfYCcupk39gWOCRROcvE=
github.com/google/uuid v1.6.0 h1:NIvaJDMOsjHA8n1jAhLSgzrAzy1Hgr+hNrb57e+94F0=
github.com/google/uuid v1.6.0/go.mod h1:TIyPZe4MgqvfeYDBFedMoGGpEw/LqOeaOT+nhxU+yHo=
github.com/greatroar/blobloom v0.7.0 h1:gZXk/iFa20AgD3merUnWBIJmsvUJTsTJExO6+7N7Mlw=
github.com/greatroar/blobloom v0.7.0/go.mod h1:M+yFtr/P96aNZYDYowvNWL3WdDluSMK2PPPHN49LMw8=
github.com/hashicorp/errwrap v1.0.0/go.mod h1:YH+1FKiLXxHSkmPseP+kNlulaMuP3n2brvKWEqk/Jc4=
github.com/hashicorp/errwrap v1.1.0 h1:OxrOeh75EUXMY8TBjag2fzXGZ40LB6IKw45YeGUDY2I=
github.com/hashicorp/errwrap v1.1.0/go.mod h1:YH+1FKiLXxHSkmPseP+kNlulaMuP3n2brvKWEqk/Jc4=
github.com/hashicorp/go-multierror v1.0.0/go.mod h1:dHtQlpGsu+cZNNAkkCN/P3hoUDHhCYQXV3UM06sGGrk=
github.com/hashicorp/go-multierror v1.1.1 h1:H5DkEtf6CXdFp0N0Em5UCwQpXMWke8IA0+lD48awMYo=
github.com/hashicorp/go-multierror v1.1.1/go.mod h1:iw975J/qwKPdAO1clOe2L8331t/9/fmwbPZ6JB6eMoM=
github.com/hashicorp/golang-lru/v2 v2.0.7 h1:a+bsQ5rvGLjzHuww6tVxozPZFVghXaHOwFs4luLUK2k=
github.com/hashicorp/golang-lru/v2 v2.0.7/go.mod h1:QeFd9opnmA6QUJc5vARoKUSoFhyfM2/ZepoAG6RGpeM=
github.com/hexops/gotextdiff v1.0.3 h1:gitA9+qJrrTCsiCl7+kh75nPqQt1cx4ZkudSTLoUqJM=
github.com/hexops/gotextdiff v1.0.3/go.mod h1:pSWU5MAI3yDq+fZBTazCSJysOMbxWL1BSow5/V2vxeg=
github.com/hpcloud/tail v1.0.0/go.mod h1:ab1qPbhIpdTxEkNHXyeSf5vhxWSCs/tWer42PpOxQnU=
github.com/ianlancetaylor/demangle v0.0.0-20200824232613-28f6c0f3b639/go.mod h1:aSSvb/t6k1mPoxDqO4vJh6VOCGPwU4O0C2/Eqndh1Sc=
github.com/jackpal/gateway v1.0.7 h1:7tIFeCGmpyrMx9qvT0EgYUi7cxVW48a0mMvnIL17bPM=
github.com/jackpal/gateway v1.0.7/go.mod h1:aRcO0UFKt+MgIZmRmvOmnejdDT4Y1DNiNOsSd1AcIbA=
github.com/jackpal/go-nat-pmp v1.0.2 h1:KzKSgb7qkJvOUTqYl9/Hg/me3pWgBmERKrTGD7BdWus=
github.com/jackpal/go-nat-pmp v1.0.2/go.mod h1:QPH045xvCAeXUZOxsnwmrtiCoxIr9eob+4orBN1SBKc=
github.com/julienschmidt/httprouter v1.3.0 h1:U0609e9tgbseu3rBINet9P48AI/D3oJs4dN7jwJOQ1U=
github.com/julienschmidt/httprouter v1.3.0/go.mod h1:JR6WtHb+2LUe8TCKY3cZOxFyyO8IZAc4RVcycCCAKdM=
github.com/kballard/go-shellquote v0.0.0-20180428030007-95032a82bc51 h1:Z9n2FFNUXsshfwJMBgNA0RU6/i7WVaAegv3PtuIHPMs=
github.com/kballard/go-shellquote v0.0.0-20180428030007-95032a82bc51/go.mod h1:CzGEWj7cYgsdH8dAjBGEr58BoE7ScuLd+fwFZ44+/x8=
github.com/kisielk/errcheck v1.5.0/go.mod h1:pFxgyoBC7bSaBwPgfKdkLd5X25qrDl4LWUI2bnpBCr8=
github.com/kisielk/gotool v1.0.0/go.mod h1:XhKaO+MFFWcvkIS/tQcRk01m1F5IRFswLeQ+oQHNcck=
github.com/klauspost/cpuid/v2 v2.0.4/go.mod h1:FInQzS24/EEf25PyTYn52gqo7WaD8xa0213Md/qVLRg=
github.com/klauspost/cpuid/v2 v2.0.9 h1:lgaqFMSdTdQYdZ04uHyN2d/eKdOMyi2YLSvlQIBFYa4=
github.com/klauspost/cpuid/v2 v2.0.9/go.mod h1:FInQzS24/EEf25PyTYn52gqo7WaD8xa0213Md/qVLRg=
github.com/kr/pretty v0.3.1 h1:flRD4NNwYAUpkphVc1HcthR4KEIFJ65n8Mw5qdRn3LE=
github.com/kr/pretty v0.3.1/go.mod h1:hoEshYVHaxMs3cyo3Yncou5ZscifuDolrwPKZanG3xk=
github.com/kr/pty v1.1.1/go.mod h1:pFQYn66WHrOpPYNljwOMqo10TkYh1fy3cYio2l3bCsQ=
github.com/kr/text v0.1.0/go.mod h1:4Jbv+DJW3UT/LiOwJeYQe1efqtUx/iVham/4vfdArNI=
github.com/kr/text v0.2.0 h1:5Nx0Ya0ZqY2ygV366QzturHI13Jq95ApcVaJBhpS+AY=
github.com/kr/text v0.2.0/go.mod h1:eLer722TekiGuMkidMxC/pM04lWEeraHUUmBw8l2grE=
github.com/lib/pq v1.10.3 h1:v9QZf2Sn6AmjXtQeFpdoq/eaNtYP6IN+7lcrygsIAtg=
github.com/lib/pq v1.10.3/go.mod h1:AlVN5x4E4T544tWzH6hKfbfQvm3HdbOxrmggDNAPY9o=
github.com/lufia/plan9stats v0.0.0-20211012122336-39d0f177ccd0/go.mod h1:zJYVVT2jmtg6P3p1VtQj7WsuWi/y4VnjVBn7F8KPB3I=
github.com/maruel/panicparse/v2 v2.1.1 h1:zUgy1SQ+Zi36oL/V+6cs/8OZjTio/41cjLVJ2hO5W9Q=
github.com/maruel/panicparse/v2 v2.1.1/go.mod h1:AeTWdCE4lcq8OKsLb6cHSj1RWHVSnV9HBCk7sKLF4Jg=
github.com/mattn/go-colorable v0.1.7/go.mod h1:u6P/XSegPjTcexA+o6vUJrdnUu04hMope9wVRipJSqc=
github.com/mattn/go-isatty v0.0.12/go.mod h1:cbi8OIDigv2wuxKPP5vlRcQ1OAZbq2CE4Kysco4FUpU=
github.com/maxbrunsfeld/counterfeiter/v6 v6.3.0 h1:8E6DrFvII6QR4eJ3PkFvV+lc03P+2qwqTPLm1ax7694=
github.com/maxbrunsfeld/counterfeiter/v6 v6.3.0/go.mod h1:fcEyUyXZXoV4Abw8DX0t7wyL8mCDxXyU4iAFZfT3IHw=
github.com/maxmind/geoipupdate/v6 v6.1.0 h1:sdtTHzzQNJlXF5+fd/EoPTucRHyMonYt/Cok8xzzfqA=
github.com/maxmind/geoipupdate/v6 v6.1.0/go.mod h1:cZYCDzfMzTY4v6dKRdV7KTB6SStxtn3yFkiJ1btTGGc=
github.com/mgutz/ansi v0.0.0-20200706080929-d51e80ef957d/go.mod h1:01TrycV0kFyexm33Z7vhZRXopbI8J3TDReVlkTgMUxE=
github.com/minio/sha256-simd v1.0.0 h1:v1ta+49hkWZyvaKwrQB8elexRqm6Y0aMLjCNsrYxo6g=
github.com/minio/sha256-simd v1.0.0/go.mod h1:OuYzVNI5vcoYIAmbIvHPl3N3jUzVedXbKy5RFepssQM=
github.com/miscreant/miscreant.go v0.0.0-20200214223636-26d376326b75 h1:cUVxyR+UfmdEAZGJ8IiKld1O0dbGotEnkMolG5hfMSY=
github.com/miscreant/miscreant.go v0.0.0-20200214223636-26d376326b75/go.mod h1:pBbZyGwC5i16IBkjVKoy/sznA8jPD/K9iedwe1ESE6w=
github.com/mitchellh/mapstructure v1.5.0 h1:jeMsZIYE/09sWLaz43PL7Gy6RuMjD2eJVyuac5Z2hdY=
github.com/mitchellh/mapstructure v1.5.0/go.mod h1:bFUtVrKA4DC2yAKiSyO/QUcy7e+RRV2QTWOzhPopBRo=
github.com/niemeyer/pretty v0.0.0-20200227124842-a10e7caefd8e/go.mod h1:zD1mROLANZcx1PVRCS0qkT7pwLkGfwJo4zjcN/Tysno=
github.com/nxadm/tail v1.4.4/go.mod h1:kenIhsEOeOJmVchQTgglprH7qJGnHDVpk1VPCcaMI8A=
github.com/nxadm/tail v1.4.8 h1:nPr65rt6Y5JFSKQO7qToXr7pePgD6Gwiw05lkbyAQTE=
github.com/nxadm/tail v1.4.8/go.mod h1:+ncqLTQzXmGhMZNUePPaPqPvBxHAIsmXswZKocGu+AU=
github.com/onsi/ginkgo v1.6.0/go.mod h1:lLunBs/Ym6LB5Z9jYTR76FiuTmxDTDusOGeTQH+WWjE=
github.com/onsi/ginkgo v1.12.1/go.mod h1:zj2OWP4+oCPe1qIXoGWkgMRwljMUYCdkwsT2108oapk=
github.com/onsi/ginkgo v1.14.0/go.mod h1:iSB4RoI2tjJc9BBv4NKIKWKya62Rps+oPG/Lv9klQyY=
github.com/onsi/ginkgo v1.16.4 h1:29JGrr5oVBm5ulCWet69zQkzWipVXIol6ygQUe/EzNc=
github.com/onsi/ginkgo v1.16.4/go.mod h1:dX+/inL/fNMqNlz0e9LfyB9TswhZpCVdJM/Z6Vvnwo0=
github.com/onsi/ginkgo/v2 v2.9.5 h1:+6Hr4uxzP4XIUyAkg61dWBw8lb/gc4/X5luuxN/EC+Q=
github.com/onsi/ginkgo/v2 v2.9.5/go.mod h1:tvAoo1QUJwNEU2ITftXTpR7R1RbCzoZUOs3RonqW57k=
github.com/onsi/gomega v1.7.1/go.mod h1:XdKZgCCFLUoM/7CFJVPcG8C1xQ1AJ0vpAezJrB7JYyY=
github.com/onsi/gomega v1.10.1/go.mod h1:iN09h71vgCQne3DLsj+A5owkum+a2tYe+TOCB1ybHNo=
github.com/onsi/gomega v1.10.3/go.mod h1:V9xEwhxec5O8UDM77eCW8vLymOMltsqPVYWrpDsH8xc=
github.com/onsi/gomega v1.27.6 h1:ENqfyGeS5AX/rlXDd/ETokDz93u0YufY1Pgxuy/PvWE=
github.com/onsi/gomega v1.27.6/go.mod h1:PIQNjfQwkP3aQAH7lf7j87O/5FiNr+ZR8+ipb+qQlhg=
github.com/oschwald/geoip2-golang v1.5.0 h1:igg2yQIrrcRccB1ytFXqBfOHCjXWIoMv85lVJ1ONZzw=
github.com/oschwald/geoip2-golang v1.5.0/go.mod h1:xdvYt5xQzB8ORWFqPnqMwZpCpgNagttWdoZLlJQzg7s=
github.com/oschwald/maxminddb-golang v1.8.0 h1:Uh/DSnGoxsyp/KYbY1AuP0tYEwfs0sCph9p/UMXK/Hk=
github.com/oschwald/maxminddb-golang v1.8.0/go.mod h1:RXZtst0N6+FY/3qCNmZMBApR19cdQj43/NM9VkrNAis=
github.com/pierrec/lz4/v4 v4.1.15 h1:MO0/ucJhngq7299dKLwIMtgTfbkoSPF6AoMYDd8Q4q0=
github.com/pierrec/lz4/v4 v4.1.15/go.mod h1:gZWDp/Ze/IJXGXf23ltt2EXimqmTUXEy0GFuRQyBid4=
github.com/pkg/errors v0.8.1/go.mod h1:bwawxfHBFNV+L2hUp1rHADufV3IMtnDRdf1r5NINEl0=
github.com/pkg/errors v0.9.1 h1:FEBLx1zS214owpjy7qsBeixbURkuhQAwrK5UwLGTwt4=
github.com/pkg/errors v0.9.1/go.mod h1:bwawxfHBFNV+L2hUp1rHADufV3IMtnDRdf1r5NINEl0=
github.com/pmezard/go-difflib v1.0.0 h1:4DBwDE0NGyQoBHbLQYPwSUPoCMWR5BEzIk/f1lZbAQM=
github.com/pmezard/go-difflib v1.0.0/go.mod h1:iKH77koFhYxTK1pcRnkKkqfTogsbg7gZNVY4sRDYZ/4=
github.com/posener/complete v1.2.3 h1:NP0eAhjcjImqslEwo/1hq7gpajME0fTLTezBKDqfXqo=
github.com/posener/complete v1.2.3/go.mod h1:WZIdtGGp+qx0sLrYKtIRAruyNpv6hFCicSgv7Sy7s/s=
github.com/power-devops/perfstat v0.0.0-20210106213030-5aafc221ea8c h1:ncq/mPwQF4JjgDlrVEn3C11VoGHZN7m8qihwgMEtzYw=
github.com/power-devops/perfstat v0.0.0-20210106213030-5aafc221ea8c/go.mod h1:OmDBASR4679mdNQnz2pUhc2G8CO2JrUAVFDRBDP/hJE=
github.com/prashantv/gostub v1.1.0 h1:BTyx3RfQjRHnUWaGF9oQos79AlQ5k8WNktv7VGvVH4g=
github.com/prashantv/gostub v1.1.0/go.mod h1:A5zLQHz7ieHGG7is6LLXLz7I8+3LZzsrV0P1IAHhP5U=
github.com/prometheus/client_golang v1.19.1 h1:wZWJDwK+NameRJuPGDhlnFgx8e8HN3XHQeLaYJFJBOE=
github.com/prometheus/client_golang v1.19.1/go.mod h1:mP78NwGzrVks5S2H6ab8+ZZGJLZUq1hoULYBAYBw1Ho=
github.com/prometheus/client_model v0.5.0 h1:VQw1hfvPvk3Uv6Qf29VrPF32JB6rtbgI6cYPYQjL0Qw=
github.com/prometheus/client_model v0.5.0/go.mod h1:dTiFglRmd66nLR9Pv9f0mZi7B7fk5Pm3gvsjB5tr+kI=
github.com/prometheus/common v0.48.0 h1:QO8U2CdOzSn1BBsmXJXduaaW+dY/5QLjfB8svtSzKKE=
github.com/prometheus/common v0.48.0/go.mod h1:0/KsvlIEfPQCQ5I2iNSAWKPZziNCvRs5EC6ILDTlAPc=
github.com/prometheus/procfs v0.12.0 h1:jluTpSng7V9hY0O2R9DzzJHYb2xULk9VTR1V1R/k6Bo=
github.com/prometheus/procfs v0.12.0/go.mod h1:pcuDEFsWDnvcgNzo4EEweacyhjeA9Zk3cnaOZAZEfOo=
github.com/quic-go/quic-go v0.45.0 h1:OHmkQGM37luZITyTSu6ff03HP/2IrwDX1ZFiNEhSFUE=
github.com/quic-go/quic-go v0.45.0/go.mod h1:1dLehS7TIR64+vxGR70GDcatWTOtMX2PUtnKsjbTurI=
github.com/rabbitmq/amqp091-go v1.10.0 h1:STpn5XsHlHGcecLmMFCtg7mqq0RnD+zFr4uzukfVhBw=
github.com/rabbitmq/amqp091-go v1.10.0/go.mod h1:Hy4jKW5kQART1u+JkDTF9YYOQUHXqMuhrgxOEeS7G4o=
github.com/rcrowley/go-metrics v0.0.0-20201227073835-cf1acfcdf475 h1:N/ElC8H3+5XpJzTSTfLsJV/mx9Q9g7kxmchpfZyxgzM=
github.com/rcrowley/go-metrics v0.0.0-20201227073835-cf1acfcdf475/go.mod h1:bCqnVzQkZxMG4s8nGwiZ5l3QUCyqpo9Y+/ZMZ9VjZe4=
github.com/riywo/loginshell v0.0.0-20200815045211-7d26008be1ab h1:ZjX6I48eZSFetPb41dHudEyVr5v953N15TsNZXlkcWY=
github.com/riywo/loginshell v0.0.0-20200815045211-7d26008be1ab/go.mod h1:/PfPXh0EntGc3QAAyUaviy4S9tzy4Zp0e2ilq4voC6E=
github.com/rogpeppe/go-internal v1.10.0 h1:TMyTOH3F/DB16zRVcYyreMH6GnZZrwQVAoYjRBZyWFQ=
github.com/rogpeppe/go-internal v1.10.0/go.mod h1:UQnix2H7Ngw/k4C5ijL5+65zddjncjaFoBhdsK/akog=
github.com/russross/blackfriday/v2 v2.0.1/go.mod h1:+Rmxgy9KzJVeS9/2gXHxylqXiyQDYRxCVz55jmeOWTM=
github.com/russross/blackfriday/v2 v2.1.0 h1:JIOH55/0cWyOuilr9/qlrm0BSXldqnqwMsf35Ld67mk=
github.com/russross/blackfriday/v2 v2.1.0/go.mod h1:+Rmxgy9KzJVeS9/2gXHxylqXiyQDYRxCVz55jmeOWTM=
github.com/sclevine/spec v1.4.0 h1:z/Q9idDcay5m5irkZ28M7PtQM4aOISzOpj4bUPkDee8=
github.com/sclevine/spec v1.4.0/go.mod h1:LvpgJaFyvQzRvc1kaDs0bulYwzC70PbiYjC4QnFHkOM=
github.com/shirou/gopsutil/v3 v3.21.12 h1:VoGxEW2hpmz0Vt3wUvHIl9fquzYLNpVpgNNB7pGJimA=
github.com/shirou/gopsutil/v3 v3.21.12/go.mod h1:BToYZVTlSVlfazpDDYFnsVZLaoRG+g8ufT6fPQLdJzA=
github.com/shurcooL/sanitized_anchor_name v1.0.0/go.mod h1:1NzhyTcUVG4SuEtjjoZeVRXNmyL/1OwPU0+IJeTBvfc=
github.com/stretchr/objx v0.1.0/go.mod h1:HFkY916IF+rwdDfMAkV7OtwuqBVzrE8GR6GFx+wExME=
github.com/stretchr/testify v1.4.0/go.mod h1:j7eGeouHqKxXV5pUuKE4zz7dFj8WfuZ+81PSLYec5m4=
github.com/stretchr/testify v1.5.1/go.mod h1:5W2xD1RspED5o8YsWQXVCued0rvSQ+mT+I5cxcmMvtA=
github.com/stretchr/testify v1.6.1/go.mod h1:6Fq8oRcR53rry900zMqJjRRixrwX3KX962/h/Wwjteg=
github.com/stretchr/testify v1.7.0/go.mod h1:6Fq8oRcR53rry900zMqJjRRixrwX3KX962/h/Wwjteg=
github.com/stretchr/testify v1.9.0 h1:HtqpIVDClZ4nwg75+f6Lvsy/wHu+3BoSGCbBAcpTsTg=
github.com/stretchr/testify v1.9.0/go.mod h1:r2ic/lqez/lEtzL7wO/rwa5dbSLXVDPFyf8C91i36aY=
github.com/syncthing/notify v0.0.0-20210616190510-c6b7342338d2 h1:F4snRP//nIuTTW9LYEzVH4HVwDG9T3M4t8y/2nqMbiY=
github.com/syncthing/notify v0.0.0-20210616190510-c6b7342338d2/go.mod h1:J0q59IWjLtpRIJulohwqEZvjzwOfTEPp8SVhDJl+y0Y=
github.com/syndtr/goleveldb v1.0.1-0.20200815071216-d9e9293bd0f7 h1:udtnv1cokhJYqnUfCMCppJ71bFN9VKfG1BQ6UsYZnx8=
github.com/syndtr/goleveldb v1.0.1-0.20200815071216-d9e9293bd0f7/go.mod h1:u2MKkTVTVJWe5D1rCvame8WqhBd88EuIwODJZ1VHCPM=
github.com/thejerf/suture/v4 v4.0.2 h1:VxIH/J8uYvqJY1+9fxi5GBfGRkRZ/jlSOP6x9HijFQc=
github.com/thejerf/suture/v4 v4.0.2/go.mod h1:g0e8vwskm9tI0jRjxrnA6lSr0q6OfPdWJVX7G5bVWRs=
github.com/tklauser/go-sysconf v0.3.9/go.mod h1:11DU/5sG7UexIrp/O6g35hrWzu0JxlwQ3LSFUzyeuhs=
github.com/tklauser/numcpus v0.3.0/go.mod h1:yFGUr7TUHQRAhyqBcEg0Ge34zDBAsIvJJcyE6boqnA8=
github.com/urfave/cli v1.20.0/go.mod h1:70zkFmudgCuE/ngEzBv17Jvp/497gISqfk5gWijbERA=
github.com/urfave/cli v1.22.5 h1:lNq9sAHXK2qfdI8W+GRItjCEkI+2oR4d+MEHy1CKXoU=
github.com/urfave/cli v1.22.5/go.mod h1:Gos4lmkARVdJ6EkW0WaNv/tZAAMe9V7XWyB60NtXRu0=
github.com/vitrun/qart v0.0.0-20160531060029-bf64b92db6b0 h1:okhMind4q9H1OxF44gNegWkiP4H/gsTFLalHFa4OOUI=
github.com/vitrun/qart v0.0.0-20160531060029-bf64b92db6b0/go.mod h1:TTbGUfE+cXXceWtbTHq6lqcTvYPBKLNejBEbnUsQJtU=
github.com/willabides/kongplete v0.4.0 h1:eivXxkp5ud5+4+NVN9e4goxC5mSh3n1RHov+gsblM2g=
github.com/willabides/kongplete v0.4.0/go.mod h1:0P0jtWD9aTsqPSUAl4de35DLghrr57XcayPyvqSi2X8=
github.com/x448/float16 v0.8.4 h1:qLwI1I70+NjRFUR3zs1JPUCgaCXSh3SW62uAKT1mSBM=
github.com/x448/float16 v0.8.4/go.mod h1:14CWIYCyZA/cWjXOioeEpHeN/83MdbZDRQHoFcYsOfg=
github.com/yuin/goldmark v1.1.27/go.mod h1:3hX8gzYuyVAZsxl0MRgGTJEmQBFcNTphYh9decYSb74=
github.com/yuin/goldmark v1.2.1/go.mod h1:3hX8gzYuyVAZsxl0MRgGTJEmQBFcNTphYh9decYSb74=
github.com/yusufpapurcu/wmi v1.2.2 h1:KBNDSne4vP5mbSWnJbO+51IMOXJB67QiYCSBrubbPRg=
github.com/yusufpapurcu/wmi v1.2.2/go.mod h1:SBZ9tNy3G9/m5Oi98Zks0QjeHVDvuK0qfxQmPyzfmi0=
go.uber.org/automaxprocs v1.5.3 h1:kWazyxZUrS3Gs4qUpbwo5kEIMGe/DAvi5Z4tl2NW4j8=
go.uber.org/automaxprocs v1.5.3/go.mod h1:eRbA25aqJrxAbsLO0xy5jVwPt7FQnRgjW+efnwa1WM0=
go.uber.org/goleak v1.3.0 h1:2K3zAYmnTNqV73imy9J1T3WC+gmCePx2hEGkimedGto=
go.uber.org/goleak v1.3.0/go.mod h1:CoHD4mav9JJNrW/WLlf7HGZPjdw8EucARQHekz1X6bE=
go.uber.org/mock v0.4.0 h1:VcM4ZOtdbR4f6VXfiOpwpVJDL6lCReaZ6mw31wqh7KU=
go.uber.org/mock v0.4.0/go.mod h1:a6FSlNadKUHUa9IP5Vyt1zh4fC7uAwxMutEAscFbkZc=
golang.org/x/crypto v0.0.0-20190308221718-c2843e01d9a2/go.mod h1:djNgcEr1/C05ACkg1iLfiJU5Ep61QUkGW8qpdssI0+w=
golang.org/x/crypto v0.0.0-20191011191535-87dc89f01550/go.mod h1:yigFU9vqHzYiE8UmvKecakEJjdnWj3jj499lnFckfCI=
golang.org/x/crypto v0.0.0-20200604202706-70a84ac30bf9/go.mod h1:LzIPMQfyMNhhGPhUkYOs5KpL4U8rLKemX1yGLhDgUto=
golang.org/x/crypto v0.0.0-20200622213623-75b288015ac9/go.mod h1:LzIPMQfyMNhhGPhUkYOs5KpL4U8rLKemX1yGLhDgUto=
golang.org/x/crypto v0.24.0 h1:mnl8DM0o513X8fdIkmyFE/5hTYxbwYOjDS/+rK6qpRI=
golang.org/x/crypto v0.24.0/go.mod h1:Z1PMYSOR5nyMcyAVAIQSKCDwalqy85Aqn1x3Ws4L5DM=
golang.org/x/exp v0.0.0-20240613232115-7f521ea00fb8 h1:yixxcjnhBmY0nkL253HFVIm0JsFHwrHdT3Yh6szTnfY=
golang.org/x/exp v0.0.0-20240613232115-7f521ea00fb8/go.mod h1:jj3sYF3dwk5D+ghuXyeI3r5MFf+NT2An6/9dOA95KSI=
golang.org/x/mod v0.2.0/go.mod h1:s0Qsj1ACt9ePp/hMypM3fl4fZqREWJwdYDEqhRiZZUA=
golang.org/x/mod v0.3.0/go.mod h1:s0Qsj1ACt9ePp/hMypM3fl4fZqREWJwdYDEqhRiZZUA=
golang.org/x/mod v0.18.0 h1:5+9lSbEzPSdWkH32vYPBwEpX8KwDbM52Ud9xBUvNlb0=
golang.org/x/mod v0.18.0/go.mod h1:hTbmBsO62+eylJbnUtE2MGJUyE7QWk4xUqPFrRgJ+7c=
golang.org/x/net v0.0.0-20180906233101-161cd47e91fd/go.mod h1:mL1N/T3taQHkDXs73rZJwtUhF3w3ftmwwsq0BUmARs4=
golang.org/x/net v0.0.0-20190404232315-eb5bcb51f2a3/go.mod h1:t9HGtf8HONx5eT2rtn7q6eTqICYqUVnKs3thJo3Qplg=
golang.org/x/net v0.0.0-20190620200207-3b0461eec859/go.mod h1:z5CRVTTTmAJ677TzLLGU+0bjPO0LkuOLi4/5GtJWs/s=
golang.org/x/net v0.0.0-20200226121028-0de0cce0169b/go.mod h1:z5CRVTTTmAJ677TzLLGU+0bjPO0LkuOLi4/5GtJWs/s=
golang.org/x/net v0.0.0-20200520004742-59133d7f0dd7/go.mod h1:qpuaurCH72eLCgpAm/N6yyVIVM9cpaDIP3A8BGJEC5A=
golang.org/x/net v0.0.0-20200813134508-3edf25e44fcc/go.mod h1:/O7V0waA8r7cgGh81Ro3o1hOxt32SMVPicZroKQ2sZA=
golang.org/x/net v0.0.0-20201006153459-a7d1128ccaa0/go.mod h1:sp8m0HH+o8qH0wwXwYZr8TS3Oi6o0r6Gce1SSxlDquU=
golang.org/x/net v0.0.0-20201021035429-f5854403a974/go.mod h1:sp8m0HH+o8qH0wwXwYZr8TS3Oi6o0r6Gce1SSxlDquU=
golang.org/x/net v0.0.0-20201026091529-146b70c837a4/go.mod h1:sp8m0HH+o8qH0wwXwYZr8TS3Oi6o0r6Gce1SSxlDquU=
golang.org/x/net v0.26.0 h1:soB7SVo0PWrY4vPW/+ay0jKDNScG2X9wFeYlXIvJsOQ=
golang.org/x/net v0.26.0/go.mod h1:5YKkiSynbBIh3p6iOc/vibscux0x38BZDkn8sCUPxHE=
golang.org/x/sync v0.0.0-20180314180146-1d60e4601c6f/go.mod h1:RxMgew5VJxzue5/jJTE5uejpjVlOe/izrB70Jof72aM=
golang.org/x/sync v0.0.0-20190423024810-112230192c58/go.mod h1:RxMgew5VJxzue5/jJTE5uejpjVlOe/izrB70Jof72aM=
golang.org/x/sync v0.0.0-20190911185100-cd5d95a43a6e/go.mod h1:RxMgew5VJxzue5/jJTE5uejpjVlOe/izrB70Jof72aM=
golang.org/x/sync v0.0.0-20201020160332-67f06af15bc9/go.mod h1:RxMgew5VJxzue5/jJTE5uejpjVlOe/izrB70Jof72aM=
golang.org/x/sync v0.7.0 h1:YsImfSBoP9QPYL0xyKJPq0gcaJdG3rInoqxTWbfQu9M=
golang.org/x/sync v0.7.0/go.mod h1:Czt+wKu1gCyEFDUtn0jG5QVvpJ6rzVqr5aXyt9drQfk=
golang.org/x/sys v0.0.0-20180909124046-d0be0721c37e/go.mod h1:STP8DvDyc/dI5b8T5hshtkjS+E42TnysNCUPdjciGhY=
golang.org/x/sys v0.0.0-20180926160741-c2ed4eda69e7/go.mod h1:STP8DvDyc/dI5b8T5hshtkjS+E42TnysNCUPdjciGhY=
golang.org/x/sys v0.0.0-20190215142949-d0b11bdaac8a/go.mod h1:STP8DvDyc/dI5b8T5hshtkjS+E42TnysNCUPdjciGhY=
golang.org/x/sys v0.0.0-20190412213103-97732733099d/go.mod h1:h1NjWce9XRLGQEsW7wpKNCjG9DtNlClVuFLEZdDNbEs=
golang.org/x/sys v0.0.0-20190904154756-749cb33beabd/go.mod h1:h1NjWce9XRLGQEsW7wpKNCjG9DtNlClVuFLEZdDNbEs=
golang.org/x/sys v0.0.0-20190916202348-b4ddaad3f8a3/go.mod h1:h1NjWce9XRLGQEsW7wpKNCjG9DtNlClVuFLEZdDNbEs=
golang.org/x/sys v0.0.0-20191005200804-aed5e4c7ecf9/go.mod h1:h1NjWce9XRLGQEsW7wpKNCjG9DtNlClVuFLEZdDNbEs=
golang.org/x/sys v0.0.0-20191120155948-bd437916bb0e/go.mod h1:h1NjWce9XRLGQEsW7wpKNCjG9DtNlClVuFLEZdDNbEs=
golang.org/x/sys v0.0.0-20191204072324-ce4227a45e2e/go.mod h1:h1NjWce9XRLGQEsW7wpKNCjG9DtNlClVuFLEZdDNbEs=
golang.org/x/sys v0.0.0-20191224085550-c709ea063b76/go.mod h1:h1NjWce9XRLGQEsW7wpKNCjG9DtNlClVuFLEZdDNbEs=
golang.org/x/sys v0.0.0-20200116001909-b77594299b42/go.mod h1:h1NjWce9XRLGQEsW7wpKNCjG9DtNlClVuFLEZdDNbEs=
golang.org/x/sys v0.0.0-20200223170610-d5e6a3e2c0ae/go.mod h1:h1NjWce9XRLGQEsW7wpKNCjG9DtNlClVuFLEZdDNbEs=
golang.org/x/sys v0.0.0-20200323222414-85ca7c5b95cd/go.mod h1:h1NjWce9XRLGQEsW7wpKNCjG9DtNlClVuFLEZdDNbEs=
golang.org/x/sys v0.0.0-20200519105757-fe76b779f299/go.mod h1:h1NjWce9XRLGQEsW7wpKNCjG9DtNlClVuFLEZdDNbEs=
golang.org/x/sys v0.0.0-20200724161237-0e2f3a69832c/go.mod h1:h1NjWce9XRLGQEsW7wpKNCjG9DtNlClVuFLEZdDNbEs=
golang.org/x/sys v0.0.0-20200814200057-3d37ad5750ed/go.mod h1:h1NjWce9XRLGQEsW7wpKNCjG9DtNlClVuFLEZdDNbEs=
golang.org/x/sys v0.0.0-20200930185726-fdedc70b468f/go.mod h1:h1NjWce9XRLGQEsW7wpKNCjG9DtNlClVuFLEZdDNbEs=
golang.org/x/sys v0.0.0-20201204225414-ed752295db88/go.mod h1:h1NjWce9XRLGQEsW7wpKNCjG9DtNlClVuFLEZdDNbEs=
golang.org/x/sys v0.0.0-20210112080510-489259a85091/go.mod h1:h1NjWce9XRLGQEsW7wpKNCjG9DtNlClVuFLEZdDNbEs=
golang.org/x/sys v0.0.0-20210630005230-0f9fa26af87c/go.mod h1:oPkhp1MJrh7nUepCBck5+mAzfO9JrbApNNgaTdGDITg=
golang.org/x/sys v0.0.0-20210816074244-15123e1e1f71/go.mod h1:oPkhp1MJrh7nUepCBck5+mAzfO9JrbApNNgaTdGDITg=
golang.org/x/sys v0.0.0-20211013075003-97ac67df715c/go.mod h1:oPkhp1MJrh7nUepCBck5+mAzfO9JrbApNNgaTdGDITg=
golang.org/x/sys v0.21.0 h1:rF+pYz3DAGSQAxAu1CbC7catZg4ebC4UIeIhKxBZvws=
golang.org/x/sys v0.21.0/go.mod h1:/VUhepiaJMQUp4+oa/7Zr1D23ma6VTLIYjOOTFZPUcA=
golang.org/x/text v0.3.0/go.mod h1:NqM8EUOU14njkJ3fqMW+pc6Ldnwhi/IjpwHt7yyuwOQ=
golang.org/x/text v0.3.2/go.mod h1:bEr9sfX3Q8Zfm5fL9x+3itogRgK3+ptLWKqgva+5dAk=
golang.org/x/text v0.3.3/go.mod h1:5Zoc/QRtKVWzQhOtBMvqHzDpF6irO9z98xDceosuGiQ=
golang.org/x/text v0.16.0 h1:a94ExnEXNtEwYLGJSIUxnWoxoRz/ZcCsV63ROupILh4=
golang.org/x/text v0.16.0/go.mod h1:GhwF1Be+LQoKShO3cGOHzqOgRrGaYc9AvblQOmPVHnI=
golang.org/x/time v0.5.0 h1:o7cqy6amK/52YcAKIPlM3a+Fpj35zvRj2TP+e1xFSfk=
golang.org/x/time v0.5.0/go.mod h1:3BpzKBy/shNhVucY/MWOyx10tF3SFh9QdLuxbVysPQM=
golang.org/x/tools v0.0.0-20180917221912-90fa682c2a6e/go.mod h1:n7NCudcB/nEzxVGmLbDWY5pfWTLqBcC2KZ6jyYvM4mQ=
golang.org/x/tools v0.0.0-20191119224855-298f0cb1881e/go.mod h1:b+2E5dAYhXwXZwtnZ6UAqBI28+e2cm9otk0dWdXHAEo=
golang.org/x/tools v0.0.0-20200619180055-7c47624df98f/go.mod h1:EkVYQZoAsY45+roYkvgYkIh4xh/qjgUK9TdY2XT94GE=
golang.org/x/tools v0.0.0-20201023174141-c8cfbd0f21e6/go.mod h1:emZCQorbCU4vsT4fOWvOPXz4eW1wZW4PmDk9uLelYpA=
golang.org/x/tools v0.0.0-20201224043029-2b0845dc783e/go.mod h1:emZCQorbCU4vsT4fOWvOPXz4eW1wZW4PmDk9uLelYpA=
golang.org/x/tools v0.0.0-20210106214847-113979e3529a/go.mod h1:emZCQorbCU4vsT4fOWvOPXz4eW1wZW4PmDk9uLelYpA=
golang.org/x/tools v0.22.0 h1:gqSGLZqv+AI9lIQzniJ0nZDRG5GBPsSi+DRNHWNz6yA=
golang.org/x/tools v0.22.0/go.mod h1:aCwcsjqvq7Yqt6TNyX7QMU2enbQ/Gt0bo6krSeEri+c=
golang.org/x/xerrors v0.0.0-20190717185122-a985d3407aa7/go.mod h1:I/5z698sn9Ka8TeJc9MKroUUfqBBauWjQqLJ2OPfmY0=
golang.org/x/xerrors v0.0.0-20191011141410-1b5146add898/go.mod h1:I/5z698sn9Ka8TeJc9MKroUUfqBBauWjQqLJ2OPfmY0=
golang.org/x/xerrors v0.0.0-20191204190536-9bdfabe68543/go.mod h1:I/5z698sn9Ka8TeJc9MKroUUfqBBauWjQqLJ2OPfmY0=
golang.org/x/xerrors v0.0.0-20200804184101-5ec99f83aff1/go.mod h1:I/5z698sn9Ka8TeJc9MKroUUfqBBauWjQqLJ2OPfmY0=
google.golang.org/protobuf v0.0.0-20200109180630-ec00e32a8dfd/go.mod h1:DFci5gLYBciE7Vtevhsrf46CRTquxDuWsQurQQe4oz8=
google.golang.org/protobuf v0.0.0-20200221191635-4d8936d0db64/go.mod h1:kwYJMbMJ01Woi6D6+Kah6886xMZcty6N08ah7+eCXa0=
google.golang.org/protobuf v0.0.0-20200228230310-ab0ca4ff8a60/go.mod h1:cfTl7dwQJ+fmap5saPgwCLgHXTUD7jkjRqWcaiX5VyM=
google.golang.org/protobuf v1.20.1-0.20200309200217-e05f789c0967/go.mod h1:A+miEFZTKqfCUM6K7xSMQL9OKL/b6hQv+e19PK+JZNE=
google.golang.org/protobuf v1.21.0/go.mod h1:47Nbq4nVaFHyn7ilMalzfO3qCViNmqZ2kzikPIcrTAo=
google.golang.org/protobuf v1.23.0/go.mod h1:EGpADcykh3NcUnDUJcl1+ZksZNG86OlYog2l/sGQquU=
google.golang.org/protobuf v1.33.0 h1:uNO2rsAINq/JlFpSdYEKIZ0uKD/R9cpdv0T+yoGwGmI=
google.golang.org/protobuf v1.33.0/go.mod h1:c6P6GXX6sHbq/GpV6MGZEdwhWPcYBgnhAHhKbcUYpos=
gopkg.in/check.v1 v0.0.0-20161208181325-20d25e280405/go.mod h1:Co6ibVJAznAaIkqp8huTwlJQCZ016jof/cbN4VW5Yz0=
gopkg.in/check.v1 v1.0.0-20200902074654-038fdea0a05b/go.mod h1:Co6ibVJAznAaIkqp8huTwlJQCZ016jof/cbN4VW5Yz0=
gopkg.in/check.v1 v1.0.0-20201130134442-10cb98267c6c h1:Hei/4ADfdWqJk1ZMxUNpqntNwaWcugrBjAiHlqqRiVk=
gopkg.in/check.v1 v1.0.0-20201130134442-10cb98267c6c/go.mod h1:JHkPIbrfpd72SG/EVd6muEfDQjcINNoR0C8j2r3qZ4Q=
gopkg.in/fsnotify.v1 v1.4.7/go.mod h1:Tz8NjZHkW78fSQdbUxIjBTcgA1z1m8ZHf0WmKUhAMys=
gopkg.in/tomb.v1 v1.0.0-20141024135613-dd632973f1e7 h1:uRGJdciOHaEIrze2W8Q3AKkepLTh2hOroT7a+7czfdQ=
gopkg.in/tomb.v1 v1.0.0-20141024135613-dd632973f1e7/go.mod h1:dt/ZhP58zS4L8KSrWDmTeBkI65Dw0HsyUHuEVlX15mw=
gopkg.in/yaml.v2 v2.2.2/go.mod h1:hI93XBmqTisBFMUTm0b8Fm+jr3Dg1NNxqwp+5A1VGuI=
gopkg.in/yaml.v2 v2.2.4/go.mod h1:hI93XBmqTisBFMUTm0b8Fm+jr3Dg1NNxqwp+5A1VGuI=
gopkg.in/yaml.v2 v2.3.0/go.mod h1:hI93XBmqTisBFMUTm0b8Fm+jr3Dg1NNxqwp+5A1VGuI=
gopkg.in/yaml.v3 v3.0.0-20200313102051-9f266ea9e77c/go.mod h1:K4uyk7z7BCEPqu6E+C64Yfv1cQ7kz7rIZviUmN+EgEM=
gopkg.in/yaml.v3 v3.0.1 h1:fxVm/GzAzEWqLHuvctI91KS9hhNmmWOoWu0XTYJS7CA=
gopkg.in/yaml.v3 v3.0.1/go.mod h1:K4uyk7z7BCEPqu6E+C64Yfv1cQ7kz7rIZviUmN+EgEM=
