github.com/AudriusButkevicius/go-nat-pmp v0.0.0-20160522074932-452c97607362 h1:l4qGIzSY0WhdXdR74XMYAtfc0Ri/RJVM4p6x/E/+WkA=
github.com/AudriusButkevicius/go-nat-pmp v0.0.0-20160522074932-452c97607362/go.mod h1:CEaBhA5lh1spxbPOELh5wNLKGsVQoahjUhVrJViVK8s=
github.com/AudriusButkevicius/pfilter v0.0.0-20190627213056-c55ef6137fc6 h1:Apvc4kyfdrOxG+F5dn8osz+45kwGJa6CySQn0tB38SU=
github.com/AudriusButkevicius/pfilter v0.0.0-20190627213056-c55ef6137fc6/go.mod h1:1N0EEx/irz4B1qV17wW82TFbjQrE7oX316Cki6eDY0Q=
github.com/AudriusButkevicius/recli v0.0.5 h1:xUa55PvWTHBm17T6RvjElRO3y5tALpdceH86vhzQ5wg=
github.com/AudriusButkevicius/recli v0.0.5/go.mod h1:Q2E26yc6RvWWEz/TJ/goUp6yXvipYdJI096hpoaqsNs=
github.com/BurntSushi/toml v0.3.1/go.mod h1:xHWCNGjB5oqiDr8zfno3MHue2Ht5sIBksp03qcyfWMU=
github.com/StackExchange/wmi v0.0.0-20180116203802-5d049714c4a6 h1:fLjPD/aNc3UIOA6tDi6QXUemppXK3P9BI7mr2hd6gx8=
github.com/StackExchange/wmi v0.0.0-20180116203802-5d049714c4a6/go.mod h1:3eOhrUMpNV+6aFIbp5/iudMxNCF27Vw2OZgy4xEx0Fg=
github.com/StackExchange/wmi v0.0.0-20190523213315-cbe66965904d h1:G0m3OIz70MZUWq3EgK3CesDbo8upS2Vm9/P3FtgI+Jk=
github.com/StackExchange/wmi v0.0.0-20190523213315-cbe66965904d/go.mod h1:3eOhrUMpNV+6aFIbp5/iudMxNCF27Vw2OZgy4xEx0Fg=
github.com/alecthomas/template v0.0.0-20160405071501-a0175ee3bccc/go.mod h1:LOuyumcjzFXgccqObfd/Ljyb9UuFJ6TxHnclSeseNhc=
github.com/alecthomas/units v0.0.0-20151022065526-2efee857e7cf/go.mod h1:ybxpYRFXyAe+OPACYpWeL0wqObRcbAqCMya13uyzqw0=
github.com/beorn7/perks v0.0.0-20180321164747-3a771d992973 h1:xJ4a3vCFaGF/jqvzLMYoU8P317H5OQ+Via4RmuPwCS0=
github.com/beorn7/perks v0.0.0-20180321164747-3a771d992973/go.mod h1:Dwedo/Wpr24TaqPxmxbtue+5NUziq4I4S80YR8gNf3Q=
github.com/beorn7/perks v1.0.0 h1:HWo1m869IqiPhD389kmkxeTalrjNbbJTC8LXupb+sl0=
github.com/beorn7/perks v1.0.0/go.mod h1:KWe93zE9D1o94FZ5RNwFwVgaQK1VOXiVxmqh+CedLV8=
github.com/beorn7/perks v1.0.1 h1:VlbKKnNfV8bJzeqoa4cOKqO6bYr3WgKZxO8Z16+hsOM=
github.com/beorn7/perks v1.0.1/go.mod h1:G2ZrVWU2WbWT9wwq4/hrbKbnv/1ERSJQ0ibhJ6rlkpw=
github.com/bkaradzic/go-lz4 v0.0.0-20160924222819-7224d8d8f27e h1:2augTYh6E+XoNrrivZJBadpThP/dsvYKj0nzqfQ8tM4=
github.com/bkaradzic/go-lz4 v0.0.0-20160924222819-7224d8d8f27e/go.mod h1:0YdlkowM3VswSROI7qDxhRvJ3sLhlFrRRwjwegp5jy4=
github.com/calmh/xdr v1.1.0 h1:U/Dd4CXNLoo8EiQ4ulJUXkgO1/EyQLgDKLgpY1SOoJE=
github.com/calmh/xdr v1.1.0/go.mod h1:E8sz2ByAdXC8MbANf1LCRYzedSnnc+/sXXJs/PVqoeg=
github.com/ccding/go-stun v0.0.0-20180726100737-be486d185f3d h1:As4937T5NVbJ/DmZT9z33pyLEprMd6CUSfhbmMY57Io=
github.com/ccding/go-stun v0.0.0-20180726100737-be486d185f3d/go.mod h1:3FK1bMar37f7jqVY7q/63k3OMX1c47pGCufzt3X0sYE=
github.com/certifi/gocertifi v0.0.0-20190905060710-a5e0173ced67 h1:8k9FLYBLKT+9v2HQJ/a95ZemmTx+/ltJcAiRhVushG8=
github.com/certifi/gocertifi v0.0.0-20190905060710-a5e0173ced67/go.mod h1:GJKEexRPVJrBSOjoqN5VNOIKJ5Q3RViH6eu3puDRwx4=
github.com/cheekybits/genny v1.0.0 h1:uGGa4nei+j20rOSeDeP5Of12XVm7TGUd4dJA9RDitfE=
github.com/cheekybits/genny v1.0.0/go.mod h1:+tQajlRqAUrPI7DOSpB0XAqZYtQakVtB7wXkRAgjxjQ=
github.com/chmduquesne/rollinghash v0.0.0-20180912150627-a60f8e7142b5 h1:Wg96Dh0MLTanEaPO0OkGtUIaa2jOnShAIOVUIzRHUxo=
github.com/chmduquesne/rollinghash v0.0.0-20180912150627-a60f8e7142b5/go.mod h1:Uc2I36RRfTAf7Dge82bi3RU0OQUmXT9iweIcPqvr8A0=
github.com/d4l3k/messagediff v1.2.1 h1:ZcAIMYsUg0EAp9X+tt8/enBE/Q8Yd5kzPynLyKptt9U=
github.com/d4l3k/messagediff v1.2.1/go.mod h1:Oozbb1TVXFac9FtSIxHBMnBCq2qeH/2KkEQxENCrlLo=
github.com/davecgh/go-spew v1.1.0/go.mod h1:J7Y8YcW2NihsgmVo/mv3lAwl/skON4iLHjSsI+c5H38=
github.com/davecgh/go-spew v1.1.1 h1:vj9j/u1bqnvCEfJOwUhtlOARqs3+rkHYY13jYWTU97c=
github.com/davecgh/go-spew v1.1.1/go.mod h1:J7Y8YcW2NihsgmVo/mv3lAwl/skON4iLHjSsI+c5H38=
github.com/flynn-archive/go-shlex v0.0.0-20150515145356-3f9db97f8568 h1:BMXYYRWTLOJKlh+lOBt6nUQgXAfB7oVIQt5cNreqSLI=
github.com/flynn-archive/go-shlex v0.0.0-20150515145356-3f9db97f8568/go.mod h1:rZfgFAXFS/z/lEd6LJmf9HVZ1LkgYiHx5pHhV5DR16M=
github.com/fsnotify/fsnotify v1.4.7 h1:IXs+QLmnXW2CcXuY+8Mzv/fWEsPGWxqefPtCP5CnV9I=
github.com/fsnotify/fsnotify v1.4.7/go.mod h1:jwhsz4b93w/PPRr/qN1Yymfu8t87LnFCMoQvtojpjFo=
github.com/getsentry/raven-go v0.2.0 h1:no+xWJRb5ZI7eE8TWgIq1jLulQiIoLG0IfYxv5JYMGs=
github.com/getsentry/raven-go v0.2.0/go.mod h1:KungGk8q33+aIAZUIVWZDr2OfAEBsO49PX4NzFV5kcQ=
github.com/go-kit/kit v0.8.0/go.mod h1:xBxKIO96dXMWWy0MnWVtmwkA9/13aqxPnvrjFYMA2as=
github.com/go-logfmt/logfmt v0.3.0/go.mod h1:Qt1PoO58o5twSAckw1HlFXLmHsOX5/0LbT9GBnD5lWE=
github.com/go-logfmt/logfmt v0.4.0/go.mod h1:3RMwSq7FuexP4Kalkev3ejPJsZTpXXBr9+V4qmtdjCk=
github.com/go-ole/go-ole v1.2.1 h1:2lOsA72HgjxAuMlKpFiCbHTvu44PIVkZ5hqm3RSdI/E=
github.com/go-ole/go-ole v1.2.1/go.mod h1:7FAglXiTm7HKlQRDeOQ6ZNUHidzCWXuZWq/1dTyBNF8=
github.com/go-ole/go-ole v1.2.4 h1:nNBDSCOigTSiarFpYE9J/KtEA1IOW4CNeqT9TQDqCxI=
github.com/go-ole/go-ole v1.2.4/go.mod h1:XCwSNxSkXRo4vlyPy93sltvi/qJq0jqQhjqQNIwKuxM=
github.com/go-stack/stack v1.8.0/go.mod h1:v0f6uXyyMGvRgIKkXu+yp6POWl0qKG85gN/melR3HDY=
github.com/gobwas/glob v0.2.3 h1:A4xDbljILXROh+kObIiy5kIaPYD8e96x1tgBhUI5J+Y=
github.com/gobwas/glob v0.2.3/go.mod h1:d3Ez4x06l9bZtSvzIay5+Yzi0fmZzPgnTbPcKjJAkT8=
github.com/gogo/protobuf v1.1.1/go.mod h1:r8qH/GZQm5c6nD/R0oafs1akxWv10x8SbQlK7atdtwQ=
github.com/gogo/protobuf v1.3.0 h1:G8O7TerXerS4F6sx9OV7/nRfJdnXgHZu/S/7F2SN+UE=
github.com/gogo/protobuf v1.3.0/go.mod h1:SlYgWuQ5SjCEi6WLHjHCa1yvBfUnHcTbrrZtXPKa29o=
github.com/golang/groupcache v0.0.0-20190702054246-869f871628b6 h1:ZgQEtGgCBiWRM39fZuwSd1LwSqqSW0hOdXCYYDX0R3I=
github.com/golang/groupcache v0.0.0-20190702054246-869f871628b6/go.mod h1:cIg4eruTrX1D+g88fzRXU5OdNfaM+9IcxsU14FzY7Hc=
github.com/golang/mock v1.2.0 h1:28o5sBqPkBsMGnC6b4MvE2TzSr5/AT4c/1fLqVGIwlk=
github.com/golang/mock v1.2.0/go.mod h1:oTYuIxOrZwtPieC+H1uAHpcLFnEyAGVDL/k47Jfbm0A=
github.com/golang/mock v1.3.1 h1:qGJ6qTW+x6xX/my+8YUVl4WNpX9B7+/l2tRsHGZ7f2s=
github.com/golang/mock v1.3.1/go.mod h1:sBzyDLLjw3U8JLTeZvSv8jJB+tU5PVekmnlKIyFUx0Y=
github.com/golang/protobuf v1.2.0 h1:P3YflyNX/ehuJFLhxviNdFxQPkGK5cDcApsge1SqnvM=
github.com/golang/protobuf v1.2.0/go.mod h1:6lQm79b+lXiMfvg/cZm0SGofjICqVBUtrP5yJMmIC1U=
github.com/golang/protobuf v1.3.0/go.mod h1:Qd/q+1AKNOZr9uGQzbzCmRO6sUih6GTPZv6a1/R87v0=
github.com/golang/protobuf v1.3.1 h1:YF8+flBXS5eO826T4nzqPrxfhQThhXl0YzfuUPu4SBg=
github.com/golang/protobuf v1.3.1/go.mod h1:6lQm79b+lXiMfvg/cZm0SGofjICqVBUtrP5yJMmIC1U=
github.com/golang/protobuf v1.3.2 h1:6nsPYzhq5kReh6QImI3k5qWzO4PEbvbIW2cwSfR/6xs=
github.com/golang/protobuf v1.3.2/go.mod h1:6lQm79b+lXiMfvg/cZm0SGofjICqVBUtrP5yJMmIC1U=
github.com/golang/snappy v0.0.1 h1:Qgr9rKW7uDUkrbSmQeiDsGa8SjGyCOGtuasMWwvp2P4=
github.com/golang/snappy v0.0.1/go.mod h1:/XxbfmMg8lxefKM7IXC3fBNl/7bRcc72aCRzEWrmP2Q=
github.com/google/go-cmp v0.3.0 h1:crn/baboCvb5fXaQ0IJ1SGTsTVrWpDsCWC8EGETZijY=
github.com/google/go-cmp v0.3.0/go.mod h1:8QqcDgzrUqlUb/G2PQTWiueGozuR1884gddMywk6iLU=
github.com/google/gofuzz v1.0.0/go.mod h1:dBl0BpW6vV/+mYPU4Po3pmUjxk6FQPldtuIdl/M65Eg=
github.com/hpcloud/tail v1.0.0 h1:nfCOvKYfkgYP8hkirhJocXT2+zOD8yUNjXaWfTlyFKI=
github.com/hpcloud/tail v1.0.0/go.mod h1:ab1qPbhIpdTxEkNHXyeSf5vhxWSCs/tWer42PpOxQnU=
github.com/jackpal/gateway v1.0.5 h1:qzXWUJfuMdlLMtt0a3Dgt+xkWQiA5itDEITVJtuSwMc=
github.com/jackpal/gateway v1.0.5/go.mod h1:lTpwd4ACLXmpyiCTRtfiNyVnUmqT9RivzCDQetPfnjA=
github.com/json-iterator/go v1.1.6/go.mod h1:+SdeFBvtyEkXs7REEP0seUULqWtbJapLOCVDaaPEHmU=
github.com/json-iterator/go v1.1.7/go.mod h1:KdQUCv79m/52Kvf8AW2vK1V8akMuk1QjK/uOdHXbAo4=
github.com/julienschmidt/httprouter v1.2.0/go.mod h1:SYymIcj16QtmaHHD7aYtjjsJG7VTCxuUUipMqKk8s4w=
github.com/kballard/go-shellquote v0.0.0-20180428030007-95032a82bc51 h1:Z9n2FFNUXsshfwJMBgNA0RU6/i7WVaAegv3PtuIHPMs=
github.com/kballard/go-shellquote v0.0.0-20180428030007-95032a82bc51/go.mod h1:CzGEWj7cYgsdH8dAjBGEr58BoE7ScuLd+fwFZ44+/x8=
github.com/kisielk/errcheck v1.2.0/go.mod h1:/BMXB+zMLi60iA8Vv6Ksmxu/1UDYcXs4uQLJ+jE2L00=
github.com/kisielk/gotool v1.0.0/go.mod h1:XhKaO+MFFWcvkIS/tQcRk01m1F5IRFswLeQ+oQHNcck=
github.com/konsorten/go-windows-terminal-sequences v1.0.1/go.mod h1:T0+1ngSBFLxvqU3pZ+m/2kptfBszLMUkC4ZK/EgS/cQ=
github.com/kr/logfmt v0.0.0-20140226030751-b84e30acd515/go.mod h1:+0opPa2QZZtGFBFZlji/RkVcI2GknAs/DXo4wKdlNEc=
github.com/kr/pretty v0.1.0 h1:L/CwN0zerZDmRFUapSPitk6f+Q3+0za1rQkzVuMiMFI=
github.com/kr/pretty v0.1.0/go.mod h1:dAy3ld7l9f0ibDNOQOHHMYYIIbhfbHSm3C4ZsoJORNo=
github.com/kr/pty v1.1.1/go.mod h1:pFQYn66WHrOpPYNljwOMqo10TkYh1fy3cYio2l3bCsQ=
github.com/kr/text v0.1.0 h1:45sCR5RtlFHMR4UwH9sdQ5TC8v0qDQCHnXt+kaKSTVE=
github.com/kr/text v0.1.0/go.mod h1:4Jbv+DJW3UT/LiOwJeYQe1efqtUx/iVham/4vfdArNI=
github.com/lib/pq v1.2.0 h1:LXpIM/LZ5xGFhOpXAQUIMM1HdyqzVYM13zNdjCEEcA0=
github.com/lib/pq v1.2.0/go.mod h1:5WUZQaWbwv1U+lTReE5YruASi9Al49XbQIvNi/34Woo=
github.com/lucas-clemente/quic-go v0.12.0 h1:TRbvZ6F++sofeGbh+Z2IIyIOhl8KyGnYuA06g2yrHdI=
github.com/lucas-clemente/quic-go v0.12.0/go.mod h1:UXJJPE4RfFef/xPO5wQm0tITK8gNfqwTxjbE7s3Vb8s=
github.com/marten-seemann/qpack v0.1.0/go.mod h1:LFt1NU/Ptjip0C2CPkhimBz5CGE3WGDAUWqna+CNTrI=
github.com/marten-seemann/qtls v0.3.2 h1:O7awy4bHEzSX/K3h+fZig3/Vo03s/RxlxgsAk9sYamI=
github.com/marten-seemann/qtls v0.3.2/go.mod h1:xzjG7avBwGGbdZ8dTGxlBnLArsVKLvwmjgmPuiQEcYk=
github.com/maruel/panicparse v1.3.0 h1:1Ep/RaYoSL1r5rTILHQQbyzHG8T4UP5ZbQTYTo4bdDc=
github.com/maruel/panicparse v1.3.0/go.mod h1:vszMjr5QQ4F5FSRfraldcIA/BCw5xrdLL+zEcU2nRBs=
github.com/mattn/go-colorable v0.1.1 h1:G1f5SKeVxmagw/IyvzvtZE4Gybcc4Tr1tf7I8z0XgOg=
github.com/mattn/go-colorable v0.1.1/go.mod h1:FuOcm+DKB9mbwrcAfNl7/TZVBZ6rcnceauSikq3lYCQ=
github.com/mattn/go-isatty v0.0.5/go.mod h1:Iq45c/XA43vh69/j3iqttzPXn0bhXyGjM0Hdxcsrc5s=
github.com/mattn/go-isatty v0.0.7 h1:UvyT9uN+3r7yLEYSlJsbQGdsaB/a0DlgWP3pql6iwOc=
github.com/mattn/go-isatty v0.0.7/go.mod h1:Iq45c/XA43vh69/j3iqttzPXn0bhXyGjM0Hdxcsrc5s=
github.com/mattn/go-isatty v0.0.9 h1:d5US/mDsogSGW37IV293h//ZFaeajb69h+EHFsv2xGg=
github.com/mattn/go-isatty v0.0.9/go.mod h1:YNRxwqDuOph6SZLI9vUUz6OYw3QyUt7WiY2yME+cCiQ=
github.com/matttproud/golang_protobuf_extensions v1.0.1 h1:4hp9jkHxhMHkqkrB3Ix0jegS5sx/RkqARlsWZ6pIwiU=
github.com/matttproud/golang_protobuf_extensions v1.0.1/go.mod h1:D8He9yQNgCq6Z5Ld7szi9bcBfOoFv/3dc6xSMkL2PC0=
github.com/mgutz/ansi v0.0.0-20170206155736-9520e82c474b h1:j7+1HpAFS1zy5+Q4qx1fWh90gTKwiN4QCGoY9TWyyO4=
github.com/mgutz/ansi v0.0.0-20170206155736-9520e82c474b/go.mod h1:01TrycV0kFyexm33Z7vhZRXopbI8J3TDReVlkTgMUxE=
github.com/minio/sha256-simd v0.1.0 h1:U41/2erhAKcmSI14xh/ZTUdBPOzDOIfS93ibzUSl8KM=
github.com/minio/sha256-simd v0.1.0/go.mod h1:2FMWW+8GMoPweT6+pI63m9YE3Lmw4J71hV56Chs1E/U=
github.com/modern-go/concurrent v0.0.0-20180228061459-e0a39a4cb421/go.mod h1:6dJC0mAP4ikYIbvyc7fijjWJddQyLn8Ig3JB5CqoB9Q=
github.com/modern-go/concurrent v0.0.0-20180306012644-bacd9c7ef1dd/go.mod h1:6dJC0mAP4ikYIbvyc7fijjWJddQyLn8Ig3JB5CqoB9Q=
github.com/modern-go/reflect2 v0.0.0-20180701023420-4b7aa43c6742/go.mod h1:bx2lNnkwVCuqBIxFjflWJWanXIb3RllmbCylyMrvgv0=
github.com/modern-go/reflect2 v1.0.1/go.mod h1:bx2lNnkwVCuqBIxFjflWJWanXIb3RllmbCylyMrvgv0=
github.com/mwitkow/go-conntrack v0.0.0-20161129095857-cc309e4a2223/go.mod h1:qRWi+5nqEBWmkhHvq77mSJWrCKwh8bxhgT7d/eI7P4U=
github.com/onsi/ginkgo v1.6.0/go.mod h1:lLunBs/Ym6LB5Z9jYTR76FiuTmxDTDusOGeTQH+WWjE=
github.com/onsi/ginkgo v1.7.0 h1:WSHQ+IS43OoUrWtD1/bbclrwK8TTH5hzp+umCiuxHgs=
github.com/onsi/ginkgo v1.7.0/go.mod h1:lLunBs/Ym6LB5Z9jYTR76FiuTmxDTDusOGeTQH+WWjE=
github.com/onsi/ginkgo v1.9.0 h1:SZjF721BByVj8QH636/8S2DnX4n0Re3SteMmw3N+tzc=
github.com/onsi/ginkgo v1.9.0/go.mod h1:lLunBs/Ym6LB5Z9jYTR76FiuTmxDTDusOGeTQH+WWjE=
github.com/onsi/gomega v1.4.3 h1:RE1xgDvH7imwFD45h+u2SgIfERHlS2yNG4DObb5BSKU=
github.com/onsi/gomega v1.4.3/go.mod h1:ex+gbHU/CVuBBDIJjb2X0qEXbFg53c61hWP/1CpauHY=
github.com/onsi/gomega v1.6.0 h1:8XTW0fcJZEq9q+Upcyws4JSGua2MFysCL5xkaSgHc+M=
github.com/onsi/gomega v1.6.0/go.mod h1:ex+gbHU/CVuBBDIJjb2X0qEXbFg53c61hWP/1CpauHY=
github.com/oschwald/geoip2-golang v1.3.0 h1:D+Hsdos1NARPbzZ2aInUHZL+dApIzo8E0ErJVsWcku8=
github.com/oschwald/geoip2-golang v1.3.0/go.mod h1:0LTTzix/Ao1uMvOhAV4iLU0Lz7eCrP94qZWBTDKf0iE=
github.com/oschwald/maxminddb-golang v1.4.0 h1:5/rpmW41qrgSed4wK32rdznbkTSXHcraY2LOMJX4DMc=
github.com/oschwald/maxminddb-golang v1.4.0/go.mod h1:3jhIUymTJ5VREKyIhWm66LJiQt04F0UCDdodShpjWsY=
github.com/petermattis/goid v0.0.0-20180202154549-b0b1615b78e5 h1:q2e307iGHPdTGp0hoxKjt1H5pDo6utceo3dQVK3I5XQ=
github.com/petermattis/goid v0.0.0-20180202154549-b0b1615b78e5/go.mod h1:jvVRKCrJTQWu0XVbaOlby/2lO20uSCHEMzzplHXte1o=
github.com/pkg/errors v0.8.0/go.mod h1:bwawxfHBFNV+L2hUp1rHADufV3IMtnDRdf1r5NINEl0=
github.com/pkg/errors v0.8.1 h1:iURUrRGxPUNPdy5/HRSm+Yj6okJ6UtLINN0Q9M4+h3I=
github.com/pkg/errors v0.8.1/go.mod h1:bwawxfHBFNV+L2hUp1rHADufV3IMtnDRdf1r5NINEl0=
github.com/pmezard/go-difflib v1.0.0 h1:4DBwDE0NGyQoBHbLQYPwSUPoCMWR5BEzIk/f1lZbAQM=
github.com/pmezard/go-difflib v1.0.0/go.mod h1:iKH77koFhYxTK1pcRnkKkqfTogsbg7gZNVY4sRDYZ/4=
github.com/prometheus/client_golang v0.9.1/go.mod h1:7SWBe2y4D6OKWSNQJUaRYU/AaXPKyh/dDVn+NZz0KFw=
github.com/prometheus/client_golang v1.0.0/go.mod h1:db9x61etRT2tGnBNRi70OPL5FsnadC4Ky3P0J6CfImo=
github.com/prometheus/client_golang v1.1.0 h1:BQ53HtBmfOitExawJ6LokA4x8ov/z0SYYb0+HxJfRI8=
github.com/prometheus/client_golang v1.1.0/go.mod h1:I1FGZT9+L76gKKOs5djB6ezCbFQP1xR9D75/vuwEF3g=
github.com/prometheus/client_model v0.0.0-20180712105110-5c3871d89910 h1:idejC8f05m9MGOsuEi1ATq9shN03HrxNkD/luQvxCv8=
github.com/prometheus/client_model v0.0.0-20180712105110-5c3871d89910/go.mod h1:MbSGuTsp3dbXC40dX6PRTWyKYBIrTGTE9sqQNg2J8bo=
github.com/prometheus/client_model v0.0.0-20190129233127-fd36f4220a90 h1:S/YWwWx/RA8rT8tKFRuGUZhuA90OyIBpPCXkcbwU8DE=
github.com/prometheus/client_model v0.0.0-20190129233127-fd36f4220a90/go.mod h1:xMI15A0UPsDsEKsMN9yxemIoYk6Tm2C1GtYGdfGttqA=
github.com/prometheus/client_model v0.0.0-20190812154241-14fe0d1b01d4 h1:gQz4mCbXsO+nc9n1hCxHcGA3Zx3Eo+UHZoInFGUIXNM=
github.com/prometheus/client_model v0.0.0-20190812154241-14fe0d1b01d4/go.mod h1:xMI15A0UPsDsEKsMN9yxemIoYk6Tm2C1GtYGdfGttqA=
github.com/prometheus/common v0.4.1 h1:K0MGApIoQvMw27RTdJkPbr3JZ7DNbtxQNyi5STVM6Kw=
github.com/prometheus/common v0.4.1/go.mod h1:TNfzLD0ON7rHzMJeJkieUDPYmFC7Snx/y86RQel1bk4=
github.com/prometheus/common v0.6.0 h1:kRhiuYSXR3+uv2IbVbZhUxK5zVD/2pp3Gd2PpvPkpEo=
github.com/prometheus/common v0.6.0/go.mod h1:eBmuwkDJBwy6iBfxCBob6t6dR6ENT/y+J+Zk0j9GMYc=
github.com/prometheus/procfs v0.0.0-20181005140218-185b4288413d/go.mod h1:c3At6R/oaqEKCNdg8wHV1ftS6bRYblBhIjjI8uT2IGk=
github.com/prometheus/procfs v0.0.2 h1:6LJUbpNm42llc4HRCuvApCSWB/WfhuNo9K98Q9sNGfs=
github.com/prometheus/procfs v0.0.2/go.mod h1:TjEm7ze935MbeOT/UhFTIMYKhuLP4wbCsTZCD3I8kEA=
github.com/prometheus/procfs v0.0.3 h1:CTwfnzjQ+8dS6MhHHu4YswVAD99sL2wjPqP+VkURmKE=
github.com/prometheus/procfs v0.0.3/go.mod h1:4A/X28fw3Fc593LaREMrKMqOKvUAntwMDaekg4FpcdQ=
github.com/prometheus/procfs v0.0.4 h1:w8DjqFMJDjuVwdZBQoOozr4MVWOnwF7RcL/7uxBjY78=
github.com/prometheus/procfs v0.0.4/go.mod h1:4A/X28fw3Fc593LaREMrKMqOKvUAntwMDaekg4FpcdQ=
github.com/rcrowley/go-metrics v0.0.0-20190826022208-cac0b30c2563 h1:dY6ETXrvDG7Sa4vE8ZQG4yqWg6UnOcbqTAahkV813vQ=
github.com/rcrowley/go-metrics v0.0.0-20190826022208-cac0b30c2563/go.mod h1:bCqnVzQkZxMG4s8nGwiZ5l3QUCyqpo9Y+/ZMZ9VjZe4=
github.com/sasha-s/go-deadlock v0.2.0 h1:lMqc+fUb7RrFS3gQLtoQsJ7/6TV/pAIFvBsqX73DK8Y=
github.com/sasha-s/go-deadlock v0.2.0/go.mod h1:StQn567HiB1fF2yJ44N9au7wOhrPS3iZqiDbRupzT10=
github.com/shirou/gopsutil v0.0.0-20190714054239-47ef3260b6bf h1:c9SV5NzG4KOk448TUE7iqCmb4E4y79CZF4zDdc1Jx3Q=
github.com/shirou/gopsutil v0.0.0-20190714054239-47ef3260b6bf/go.mod h1:WWnYX4lzhCH5h/3YBfyVA3VbLYjlMZZAQcW9ojMexNc=
github.com/shirou/w32 v0.0.0-20160930032740-bb4de0191aa4/go.mod h1:qsXQc7+bwAM3Q1u/4XEfrquwF8Lw7D7y5cD8CuHnfIc=
github.com/sirupsen/logrus v1.2.0/go.mod h1:LxeOpSwHxABJmUn/MG1IvRgCAasNZTLOkJPxbbu5VWo=
github.com/stretchr/objx v0.1.0/go.mod h1:HFkY916IF+rwdDfMAkV7OtwuqBVzrE8GR6GFx+wExME=
github.com/stretchr/objx v0.1.1/go.mod h1:HFkY916IF+rwdDfMAkV7OtwuqBVzrE8GR6GFx+wExME=
github.com/stretchr/testify v1.2.2 h1:bSDNvY7ZPG5RlJ8otE/7V6gMiyenm9RtJ7IUVIAoJ1w=
github.com/stretchr/testify v1.2.2/go.mod h1:a8OnRcib4nhh0OaRAV+Yts87kKdq0PP7pXfy6kDkUVs=
github.com/stretchr/testify v1.3.0 h1:TivCn/peBQ7UY8ooIcPgZFpTNSz0Q2U6UrFlUfqbe0Q=
github.com/stretchr/testify v1.3.0/go.mod h1:M5WIy9Dh21IEIfnGCwXGc5bZfKNJtfHm1UVUgZn+9EI=
github.com/syncthing/notify v0.0.0-20190709140112-69c7a957d3e2 h1:6tuEEEpg+mxM82E0YingzoXzXXISYR/o/7I9n573LWI=
github.com/syncthing/notify v0.0.0-20190709140112-69c7a957d3e2/go.mod h1:Sn4ChoS7e4FxjCN1XHPVBT43AgnRLbuaB8pEc1Zcdjg=
github.com/syndtr/goleveldb v1.0.1-0.20190318030020-c3a204f8e965 h1:1oFLiOyVl+W7bnBzGhf7BbIv9loSFQcieWWYIjLqcAw=
github.com/syndtr/goleveldb v1.0.1-0.20190318030020-c3a204f8e965/go.mod h1:9OrXJhf154huy1nPWmuSrkgjPUtUNhA+Zmy+6AESzuA=
github.com/thejerf/suture v3.0.2+incompatible h1:GtMydYcnK4zBJ0KL6Lx9vLzl6Oozb65wh252FTBxrvM=
github.com/thejerf/suture v3.0.2+incompatible/go.mod h1:ibKwrVj+Uzf3XZdAiNWUouPaAbSoemxOHLmJmwheEMc=
github.com/urfave/cli v1.20.0 h1:fDqGv3UG/4jbVl/QkFwEdddtEDjh/5Ov6X+0B/3bPaw=
github.com/urfave/cli v1.20.0/go.mod h1:70zkFmudgCuE/ngEzBv17Jvp/497gISqfk5gWijbERA=
github.com/urfave/cli v1.21.0 h1:wYSSj06510qPIzGSua9ZqsncMmWE3Zr55KBERygyrxE=
github.com/urfave/cli v1.21.0/go.mod h1:lxDj6qX9Q6lWQxIrbrT0nwecwUtRnhVZAJjJZrVUZZQ=
github.com/vitrun/qart v0.0.0-20160531060029-bf64b92db6b0 h1:okhMind4q9H1OxF44gNegWkiP4H/gsTFLalHFa4OOUI=
github.com/vitrun/qart v0.0.0-20160531060029-bf64b92db6b0/go.mod h1:TTbGUfE+cXXceWtbTHq6lqcTvYPBKLNejBEbnUsQJtU=
golang.org/x/crypto v0.0.0-20180904163835-0709b304e793/go.mod h1:6SG95UA2DQfeDnfUPMdvaQW0Q7yPrPDi9nlGo2tz2b4=
golang.org/x/crypto v0.0.0-20190228161510-8dd112bcdc25/go.mod h1:djNgcEr1/C05ACkg1iLfiJU5Ep61QUkGW8qpdssI0+w=
golang.org/x/crypto v0.0.0-20190308221718-c2843e01d9a2 h1:VklqNMn3ovrHsnt90PveolxSbWFaJdECFbxSq0Mqo2M=
golang.org/x/crypto v0.0.0-20190308221718-c2843e01d9a2/go.mod h1:djNgcEr1/C05ACkg1iLfiJU5Ep61QUkGW8qpdssI0+w=
golang.org/x/crypto v0.0.0-20190829043050-9756ffdc2472 h1:Gv7RPwsi3eZ2Fgewe3CBsuOebPwO27PoXzRpJPsvSSM=
golang.org/x/crypto v0.0.0-20190829043050-9756ffdc2472/go.mod h1:yigFU9vqHzYiE8UmvKecakEJjdnWj3jj499lnFckfCI=
golang.org/x/net v0.0.0-20180906233101-161cd47e91fd/go.mod h1:mL1N/T3taQHkDXs73rZJwtUhF3w3ftmwwsq0BUmARs4=
golang.org/x/net v0.0.0-20181114220301-adae6a3d119a/go.mod h1:mL1N/T3taQHkDXs73rZJwtUhF3w3ftmwwsq0BUmARs4=
golang.org/x/net v0.0.0-20190228165749-92fc7df08ae7/go.mod h1:mL1N/T3taQHkDXs73rZJwtUhF3w3ftmwwsq0BUmARs4=
golang.org/x/net v0.0.0-20190311183353-d8887717615a/go.mod h1:t9HGtf8HONx5eT2rtn7q6eTqICYqUVnKs3thJo3Qplg=
golang.org/x/net v0.0.0-20190404232315-eb5bcb51f2a3/go.mod h1:t9HGtf8HONx5eT2rtn7q6eTqICYqUVnKs3thJo3Qplg=
golang.org/x/net v0.0.0-20190613194153-d28f0bde5980/go.mod h1:z5CRVTTTmAJ677TzLLGU+0bjPO0LkuOLi4/5GtJWs/s=
golang.org/x/net v0.0.0-20190827160401-ba9fcec4b297 h1:k7pJ2yAPLPgbskkFdhRCsA77k2fySZ1zf2zCjvQCiIM=
golang.org/x/net v0.0.0-20190827160401-ba9fcec4b297/go.mod h1:z5CRVTTTmAJ677TzLLGU+0bjPO0LkuOLi4/5GtJWs/s=
golang.org/x/sync v0.0.0-20180314180146-1d60e4601c6f/go.mod h1:RxMgew5VJxzue5/jJTE5uejpjVlOe/izrB70Jof72aM=
golang.org/x/sync v0.0.0-20181108010431-42b317875d0f h1:Bl/8QSvNqXvPGPGXa2z5xUTmV7VDcZyvRZ+QQXkXTZQ=
golang.org/x/sync v0.0.0-20181108010431-42b317875d0f/go.mod h1:RxMgew5VJxzue5/jJTE5uejpjVlOe/izrB70Jof72aM=
golang.org/x/sync v0.0.0-20181221193216-37e7f081c4d4/go.mod h1:RxMgew5VJxzue5/jJTE5uejpjVlOe/izrB70Jof72aM=
golang.org/x/sync v0.0.0-20190423024810-112230192c58/go.mod h1:RxMgew5VJxzue5/jJTE5uejpjVlOe/izrB70Jof72aM=
golang.org/x/sys v0.0.0-20180905080454-ebe1bf3edb33/go.mod h1:STP8DvDyc/dI5b8T5hshtkjS+E42TnysNCUPdjciGhY=
golang.org/x/sys v0.0.0-20180909124046-d0be0721c37e/go.mod h1:STP8DvDyc/dI5b8T5hshtkjS+E42TnysNCUPdjciGhY=
golang.org/x/sys v0.0.0-20180926160741-c2ed4eda69e7/go.mod h1:STP8DvDyc/dI5b8T5hshtkjS+E42TnysNCUPdjciGhY=
golang.org/x/sys v0.0.0-20181116152217-5ac8a444bdc5/go.mod h1:STP8DvDyc/dI5b8T5hshtkjS+E42TnysNCUPdjciGhY=
golang.org/x/sys v0.0.0-20190215142949-d0b11bdaac8a h1:1BGLXjeY4akVXGgbC9HugT3Jv3hCI0z56oJR5vAMgBU=
golang.org/x/sys v0.0.0-20190215142949-d0b11bdaac8a/go.mod h1:STP8DvDyc/dI5b8T5hshtkjS+E42TnysNCUPdjciGhY=
golang.org/x/sys v0.0.0-20190222072716-a9d3bda3a223 h1:DH4skfRX4EBpamg7iV4ZlCpblAHI6s6TDM39bFZumv8=
golang.org/x/sys v0.0.0-20190222072716-a9d3bda3a223/go.mod h1:STP8DvDyc/dI5b8T5hshtkjS+E42TnysNCUPdjciGhY=
golang.org/x/sys v0.0.0-20190228124157-a34e9553db1e h1:ZytStCyV048ZqDsWHiYDdoI2Vd4msMcrDECFxS+tL9c=
golang.org/x/sys v0.0.0-20190228124157-a34e9553db1e/go.mod h1:STP8DvDyc/dI5b8T5hshtkjS+E42TnysNCUPdjciGhY=
golang.org/x/sys v0.0.0-20190412213103-97732733099d/go.mod h1:h1NjWce9XRLGQEsW7wpKNCjG9DtNlClVuFLEZdDNbEs=
golang.org/x/sys v0.0.0-20190801041406-cbf593c0f2f3/go.mod h1:h1NjWce9XRLGQEsW7wpKNCjG9DtNlClVuFLEZdDNbEs=
golang.org/x/sys v0.0.0-20190813064441-fde4db37ae7a h1:aYOabOQFp6Vj6W1F80affTUvO9UxmJRx8K0gsfABByQ=
golang.org/x/sys v0.0.0-20190813064441-fde4db37ae7a/go.mod h1:h1NjWce9XRLGQEsW7wpKNCjG9DtNlClVuFLEZdDNbEs=
golang.org/x/sys v0.0.0-20190904154756-749cb33beabd h1:DBH9mDw0zluJT/R+nGuV3jWFWLFaHyYZWD4tOT+cjn0=
golang.org/x/sys v0.0.0-20190904154756-749cb33beabd/go.mod h1:h1NjWce9XRLGQEsW7wpKNCjG9DtNlClVuFLEZdDNbEs=
golang.org/x/text v0.3.0 h1:g61tztE5qeGQ89tm6NTjjM9VPIm088od1l6aSorWRWg=
golang.org/x/text v0.3.0/go.mod h1:NqM8EUOU14njkJ3fqMW+pc6Ldnwhi/IjpwHt7yyuwOQ=
golang.org/x/text v0.3.2 h1:tW2bmiBqwgJj/UpqtC8EpXEZVYOwU0yG4iWbprSVAcs=
golang.org/x/text v0.3.2/go.mod h1:bEr9sfX3Q8Zfm5fL9x+3itogRgK3+ptLWKqgva+5dAk=
golang.org/x/time v0.0.0-20190308202827-9d24e82272b4 h1:SvFZT6jyqRaOeXpc5h/JSfZenJ2O330aBsf7JfSUXmQ=
golang.org/x/time v0.0.0-20190308202827-9d24e82272b4/go.mod h1:tRJNPiyCQ0inRvYxbN9jk5I+vvW/OXSQhTDSoE431IQ=
golang.org/x/tools v0.0.0-20180917221912-90fa682c2a6e/go.mod h1:n7NCudcB/nEzxVGmLbDWY5pfWTLqBcC2KZ6jyYvM4mQ=
golang.org/x/tools v0.0.0-20181030221726-6c7e314b6563/go.mod h1:n7NCudcB/nEzxVGmLbDWY5pfWTLqBcC2KZ6jyYvM4mQ=
golang.org/x/tools v0.0.0-20190425150028-36563e24a262/go.mod h1:RgjU9mgBXZiqYHBnxXauZ1Gv1EHHAz9KjViQ78xBX0Q=
google.golang.org/genproto v0.0.0-20180831171423-11092d34479b/go.mod h1:JiN7NxoALGmiZfu7CAH4rXhgtRTLTxftemlI0sWmxmc=
gopkg.in/alecthomas/kingpin.v2 v2.2.6/go.mod h1:FMv+mEhP44yOT+4EoQTLFTRgOQ1FBLkstjWtayDeSgw=
gopkg.in/asn1-ber.v1 v1.0.0-20181015200546-f715ec2f112d h1:TxyelI5cVkbREznMhfzycHdkp5cLA7DpE+GKjSslYhM=
gopkg.in/asn1-ber.v1 v1.0.0-20181015200546-f715ec2f112d/go.mod h1:cuepJuh7vyXfUyUwEgHQXw849cJrilpS5NeIjOWESAw=
gopkg.in/check.v1 v0.0.0-20161208181325-20d25e280405/go.mod h1:Co6ibVJAznAaIkqp8huTwlJQCZ016jof/cbN4VW5Yz0=
gopkg.in/check.v1 v1.0.0-20180628173108-788fd7840127 h1:qIbj1fsPNlZgppZ+VLlY7N33q108Sa+fhmuc+sWQYwY=
gopkg.in/check.v1 v1.0.0-20180628173108-788fd7840127/go.mod h1:Co6ibVJAznAaIkqp8huTwlJQCZ016jof/cbN4VW5Yz0=
gopkg.in/fsnotify.v1 v1.4.7 h1:xOHLXZwVvI9hhs+cLKq5+I5onOuwQLhQwiu63xxlHs4=
gopkg.in/fsnotify.v1 v1.4.7/go.mod h1:Tz8NjZHkW78fSQdbUxIjBTcgA1z1m8ZHf0WmKUhAMys=
gopkg.in/ldap.v2 v2.5.1 h1:wiu0okdNfjlBzg6UWvd1Hn8Y+Ux17/u/4nlk4CQr6tU=
gopkg.in/ldap.v2 v2.5.1/go.mod h1:oI0cpe/D7HRtBQl8aTg+ZmzFUAvu4lsv3eLXMLGFxWk=
gopkg.in/tomb.v1 v1.0.0-20141024135613-dd632973f1e7 h1:uRGJdciOHaEIrze2W8Q3AKkepLTh2hOroT7a+7czfdQ=
gopkg.in/tomb.v1 v1.0.0-20141024135613-dd632973f1e7/go.mod h1:dt/ZhP58zS4L8KSrWDmTeBkI65Dw0HsyUHuEVlX15mw=
gopkg.in/yaml.v2 v2.2.1 h1:mUhvW9EsL+naU5Q3cakzfE91YhliOondGd6ZrsDBHQE=
gopkg.in/yaml.v2 v2.2.1/go.mod h1:hI93XBmqTisBFMUTm0b8Fm+jr3Dg1NNxqwp+5A1VGuI=
gopkg.in/yaml.v2 v2.2.2 h1:ZCJp+EgiOT7lHqUV2J862kp8Qj64Jo6az82+3Td9dZw=
gopkg.in/yaml.v2 v2.2.2/go.mod h1:hI93XBmqTisBFMUTm0b8Fm+jr3Dg1NNxqwp+5A1VGuI=
