# This file is autogenerated, do not edit; changes may be undone by the next 'dep ensure'.


[[projects]]
  branch = "master"
  name = "github.com/AudriusButkevicius/cli"
  packages = ["."]
  revision = "7f561c78b5a4aad858d9fd550c92b5da6d55efbb"

[[projects]]
  branch = "master"
  name = "github.com/AudriusButkevicius/go-nat-pmp"
  packages = ["."]
  revision = "452c97607362b2ab5a7839b8d1704f0396b640ca"

[[projects]]
  name = "github.com/AudriusButkevicius/pfilter"
  packages = ["."]
  revision = "9dca34a5b530bfc9843fa8aa2ff08ff9821032cb"
  version = "0.0.3"

[[projects]]
  branch = "master"
  name = "github.com/beorn7/perks"
  packages = ["quantile"]
  revision = "4c0e84591b9aa9e6dcfdf3e020114cd81f89d5f9"

[[projects]]
  name = "github.com/bkaradzic/go-lz4"
  packages = ["."]
  revision = "74ddf82598bc4745b965729e9c6a463bedd33049"
  version = "v1.0.0"

[[projects]]
  name = "github.com/calmh/du"
  packages = ["."]
  revision = "dd9dc2043353249b2910b29dcfd6f6d4e64f39be"
  version = "v1.0.1"

[[projects]]
  name = "github.com/calmh/xdr"
  packages = [
    ".",
    "cmd/genxdr"
  ]
  revision = "f9b9f8f7aa27725f5cabb699bd9099ca7ce09143"
  version = "v2.0.1"

[[projects]]
  name = "github.com/ccding/go-stun"
  packages = ["stun"]
  revision = "04a4eed61c57ecc9903f8983d1d2c17b88d2e9e1"
  version = "0.1.0"

[[projects]]
  name = "github.com/chmduquesne/rollinghash"
  packages = [
    ".",
    "adler32"
  ]
  revision = "abb8cbaf9915e48ee20cae94bcd94221b61707a2"
  version = "v3.0.1"

[[projects]]
  name = "github.com/d4l3k/messagediff"
  packages = ["."]
  revision = "7b706999d935b04cf2dbc71a5a5afcbd288aeb48"
  version = "v1.1.0"

[[projects]]
  name = "github.com/gobwas/glob"
  packages = [
    ".",
    "compiler",
    "match",
    "syntax",
    "syntax/ast",
    "syntax/lexer",
    "util/runes",
    "util/strings"
  ]
  revision = "bea32b9cd2d6f55753d94a28e959b13f0244797a"
  version = "v0.2.2"

[[projects]]
  name = "github.com/gogo/protobuf"
  packages = [
    "gogoproto",
    "plugin/compare",
    "plugin/defaultcheck",
    "plugin/description",
    "plugin/embedcheck",
    "plugin/enumstringer",
    "plugin/equal",
    "plugin/face",
    "plugin/gostring",
    "plugin/marshalto",
    "plugin/oneofcheck",
    "plugin/populate",
    "plugin/size",
    "plugin/stringer",
    "plugin/testgen",
    "plugin/union",
    "plugin/unmarshal",
    "proto",
    "protoc-gen-gogo/descriptor",
    "protoc-gen-gogo/generator",
    "protoc-gen-gogo/grpc",
    "protoc-gen-gogo/plugin",
    "protoc-gen-gogofast",
    "vanity",
    "vanity/command"
  ]
  revision = "1adfc126b41513cc696b209667c8656ea7aac67c"
  version = "v1.0.0"

[[projects]]
  branch = "master"
  name = "github.com/golang/groupcache"
  packages = ["lru"]
  revision = "66deaeb636dff1ac7d938ce666d090556056a4b0"

[[projects]]
  name = "github.com/golang/protobuf"
  packages = ["proto"]
  revision = "925541529c1fa6821df4e44ce2723319eb2be768"
  version = "v1.0.0"

[[projects]]
  branch = "master"
  name = "github.com/golang/snappy"
  packages = ["."]
  revision = "553a641470496b2327abcac10b36396bd98e45c9"

[[projects]]
  name = "github.com/jackpal/gateway"
  packages = ["."]
  revision = "3e333950771011fed13be63e62b9f473c5e0d9bf"
  version = "v1.0.4"

[[projects]]
  branch = "master"
  name = "github.com/kardianos/osext"
  packages = ["."]
  revision = "ae77be60afb1dcacde03767a8c37337fad28ac14"

[[projects]]
  branch = "master"
  name = "github.com/kballard/go-shellquote"
  packages = ["."]
  revision = "cd60e84ee657ff3dc51de0b4f55dd299a3e136f2"

[[projects]]
  name = "github.com/klauspost/cpuid"
  packages = ["."]
  revision = "ae7887de9fa5d2db4eaa8174a7eff2c1ac00f2da"
  version = "v1.1"

[[projects]]
  name = "github.com/klauspost/reedsolomon"
  packages = ["."]
  revision = "6bb6130ff6a76a904c1841707d65603aec9cc288"
  version = "v1.6"

[[projects]]
  name = "github.com/matttproud/golang_protobuf_extensions"
  packages = ["pbutil"]
  revision = "3247c84500bff8d9fb6d579d800f20b3e091582c"
  version = "v1.0.0"

[[projects]]
  branch = "master"
  name = "github.com/minio/sha256-simd"
  packages = ["."]
  revision = "ad98a36ba0da87206e3378c556abbfeaeaa98668"

[[projects]]
  name = "github.com/oschwald/geoip2-golang"
  packages = ["."]
  revision = "5b1dc16861f81d05d9836bb21c2d0d65282fc0b8"
  version = "v1.1.0"

[[projects]]
  name = "github.com/oschwald/maxminddb-golang"
  packages = ["."]
  revision = "8727e98aa1b91610eb184ed1ab615943b8d9deb0"
  version = "v1.2.1"

[[projects]]
  branch = "master"
  name = "github.com/petermattis/goid"
  packages = ["."]
  revision = "b0b1615b78e5ee59739545bb38426383b2cda4c9"

[[projects]]
  name = "github.com/pkg/errors"
  packages = ["."]
  revision = "645ef00459ed84a119197bfb8d8205042c6df63d"
  version = "v0.8.0"

[[projects]]
  name = "github.com/prometheus/client_golang"
  packages = [
    "prometheus",
    "prometheus/promhttp"
  ]
  revision = "c5b7fccd204277076155f10851dad72b76a49317"
  version = "v0.8.0"

[[projects]]
  branch = "master"
  name = "github.com/prometheus/client_model"
  packages = ["go"]
  revision = "99fa1f4be8e564e8a6b613da7fa6f46c9edafc6c"

[[projects]]
  branch = "master"
  name = "github.com/prometheus/common"
  packages = [
    "expfmt",
    "internal/bitbucket.org/ww/goautoneg",
    "model"
  ]
  revision = "89604d197083d4781071d3c65855d24ecfb0a563"

[[projects]]
  branch = "master"
  name = "github.com/prometheus/procfs"
  packages = [
    ".",
    "internal/util",
    "nfs",
    "xfs"
  ]
  revision = "cb4147076ac75738c9a7d279075a253c0cc5acbd"

[[projects]]
  branch = "master"
  name = "github.com/rcrowley/go-metrics"
  packages = ["."]
  revision = "8732c616f52954686704c8645fe1a9d59e9df7c1"

[[projects]]
  name = "github.com/sasha-s/go-deadlock"
  packages = ["."]
  revision = "03d40e5dbd5488667a13b3c2600b2f7c2886f02f"
  version = "v0.2.0"

[[projects]]
  branch = "master"
  name = "github.com/syndtr/goleveldb"
  packages = [
    "leveldb",
    "leveldb/cache",
    "leveldb/comparer",
    "leveldb/errors",
    "leveldb/filter",
    "leveldb/iterator",
    "leveldb/journal",
    "leveldb/memdb",
    "leveldb/opt",
    "leveldb/storage",
    "leveldb/table",
    "leveldb/util"
  ]
  revision = "211f780988068502fe874c44dae530528ebd840f"

[[projects]]
  branch = "master"
  name = "github.com/templexxx/cpufeat"
  packages = ["."]
  revision = "3794dfbfb04749f896b521032f69383f24c3687e"

[[projects]]
  name = "github.com/templexxx/xor"
  packages = ["."]
  revision = "0af8e873c554da75f37f2049cdffda804533d44c"
  version = "0.1.2"

[[projects]]
  name = "github.com/thejerf/suture"
  packages = ["."]
  revision = "0ac47afae95ad5bc5184ed346bc945168e883f5d"
  version = "v2.0.1"

[[projects]]
  name = "github.com/tjfoc/gmsm"
  packages = ["sm4"]
  revision = "98aa888b79d8de04afe0fccf45ed10594efc858b"
  version = "v1.1"

[[projects]]
  name = "github.com/vitrun/qart"
  packages = [
    "coding",
    "gf256",
    "qr"
  ]
  revision = "bf64b92db6b05651d6c25a3dabf2d543b360c0aa"
  version = "0.1"

[[projects]]
  name = "github.com/xtaci/kcp-go"
  packages = ["."]
  revision = "42bc1dfefff592fdb3affa793980c4f6ab4213e5"
  version = "v3.24"

[[projects]]
  name = "github.com/xtaci/smux"
  packages = ["."]
  revision = "ebec7ef2574b42a7088cd7751176483e0a27d458"
  version = "v1.0.6"

[[projects]]
  branch = "master"
  name = "github.com/zillode/notify"
  packages = ["."]
  revision = "bc20acc77549cc072b7207b41c10881a901cb4b5"
  source = "github.com/calmh/notify"

[[projects]]
  branch = "master"
  name = "golang.org/x/crypto"
  packages = [
    "bcrypt",
    "blowfish",
    "cast5",
    "pbkdf2",
    "salsa20",
    "salsa20/salsa",
    "tea",
    "twofish",
    "xtea"
  ]
  revision = "1875d0a70c90e57f11972aefd42276df65e895b9"

[[projects]]
  branch = "master"
  name = "golang.org/x/net"
  packages = [
    "bpf",
    "context",
    "html",
    "html/atom",
    "internal/iana",
    "internal/socket",
    "ipv4",
    "ipv6",
    "proxy"
  ]
  revision = "2fb46b16b8dda405028c50f7c7f0f9dd1fa6bfb1"

[[projects]]
  branch = "master"
  name = "golang.org/x/sys"
  packages = [
    "unix",
    "windows"
  ]
  revision = "37707fdb30a5b38865cfb95e5aab41707daec7fd"

[[projects]]
  branch = "master"
  name = "golang.org/x/text"
  packages = [
    "internal/gen",
    "internal/triegen",
    "internal/ucd",
    "transform",
    "unicode/cldr",
    "unicode/norm"
  ]
  revision = "e19ae1496984b1c655b8044a65c0300a3c878dd3"

[[projects]]
  branch = "master"
  name = "golang.org/x/time"
  packages = ["rate"]
  revision = "6dc17368e09b0e8634d71cac8168d853e869a0c7"

[solve-meta]
  analyzer-name = "dep"
  analyzer-version = 1
  inputs-digest = "a381e0e53c95a4a2769b0f8da43aa876e9547fabc3be0a7c7297f48f07bd842c"
  solver-name = "gps-cdcl"
  solver-version = 1
