
Microsoft Visual Studio Solution File, Format Version 12.00
# Visual Studio 2013
VisualStudioVersion = 12.0.31101.0
MinimumVisualStudioVersion = 10.0.40219.1
Project("{930C7802-8A8C-48F9-8165-68863BCCD9DD}") = "Syncthing", "Syncthing.wixproj", "{0985ABC3-179E-40D4-A74C-D6C249339016}"
EndProject
Project("{FAE04EC0-301F-11D3-BF4B-00C04F79EFBC}") = "SyncthingServiceWrapper", "..\SyncthingServiceWrapper\SyncthingServiceWrapper.csproj", "{3D5FD92D-300F-4166-B91F-8CFC8E924FA1}"
EndProject
Project("{2150E333-8FDC-42A3-9474-1A3956D46DE8}") = "Solution Items", "Solution Items", "{811C667E-E3F4-4861-BEF8-88917E4CE680}"
	ProjectSection(SolutionItems) = preProject
		..\msbuild.proj = ..\msbuild.proj
	EndProjectSection
EndProject
Global
	GlobalSection(SolutionConfigurationPlatforms) = preSolution
		Debug|Any CPU = Debug|Any CPU
		Debug|Mixed Platforms = Debug|Mixed Platforms
		Debug|x86 = Debug|x86
		Release|Any CPU = Release|Any CPU
		Release|Mixed Platforms = Release|Mixed Platforms
		Release|x86 = Release|x86
	EndGlobalSection
	GlobalSection(ProjectConfigurationPlatforms) = postSolution
		{0985ABC3-179E-40D4-A74C-D6C249339016}.Debug|Any CPU.ActiveCfg = Debug|x86
		{0985ABC3-179E-40D4-A74C-D6C249339016}.Debug|Mixed Platforms.ActiveCfg = Debug|x86
		{0985ABC3-179E-40D4-A74C-D6C249339016}.Debug|Mixed Platforms.Build.0 = Debug|x86
		{0985ABC3-179E-40D4-A74C-D6C249339016}.Debug|x86.ActiveCfg = Debug|x86
		{0985ABC3-179E-40D4-A74C-D6C249339016}.Debug|x86.Build.0 = Debug|x86
		{0985ABC3-179E-40D4-A74C-D6C249339016}.Release|Any CPU.ActiveCfg = Release|x86
		{0985ABC3-179E-40D4-A74C-D6C249339016}.Release|Mixed Platforms.ActiveCfg = Release|x86
		{0985ABC3-179E-40D4-A74C-D6C249339016}.Release|Mixed Platforms.Build.0 = Release|x86
		{0985ABC3-179E-40D4-A74C-D6C249339016}.Release|x86.ActiveCfg = Release|x86
		{0985ABC3-179E-40D4-A74C-D6C249339016}.Release|x86.Build.0 = Release|x86
		{3D5FD92D-300F-4166-B91F-8CFC8E924FA1}.Debug|Any CPU.ActiveCfg = Debug|Any CPU
		{3D5FD92D-300F-4166-B91F-8CFC8E924FA1}.Debug|Any CPU.Build.0 = Debug|Any CPU
		{3D5FD92D-300F-4166-B91F-8CFC8E924FA1}.Debug|Mixed Platforms.ActiveCfg = Debug|Any CPU
		{3D5FD92D-300F-4166-B91F-8CFC8E924FA1}.Debug|Mixed Platforms.Build.0 = Debug|Any CPU
		{3D5FD92D-300F-4166-B91F-8CFC8E924FA1}.Debug|x86.ActiveCfg = Debug|Any CPU
		{3D5FD92D-300F-4166-B91F-8CFC8E924FA1}.Release|Any CPU.ActiveCfg = Release|Any CPU
		{3D5FD92D-300F-4166-B91F-8CFC8E924FA1}.Release|Any CPU.Build.0 = Release|Any CPU
		{3D5FD92D-300F-4166-B91F-8CFC8E924FA1}.Release|Mixed Platforms.ActiveCfg = Release|Any CPU
		{3D5FD92D-300F-4166-B91F-8CFC8E924FA1}.Release|Mixed Platforms.Build.0 = Release|Any CPU
		{3D5FD92D-300F-4166-B91F-8CFC8E924FA1}.Release|x86.ActiveCfg = Release|Any CPU
	EndGlobalSection
	GlobalSection(SolutionProperties) = preSolution
		HideSolutionNode = FALSE
	EndGlobalSection
EndGlobal
